// !$*UTF8*$!
{
	archiveVersion = 1;
	classes = {
	};
	objectVersion = 46;
	objects = {

/* Begin PBXBuildFile section */
		5E877AEA1A12D014008A875D /* AppDelegate.swift in Sources */ = {isa = PBXBuildFile; fileRef = 5E877AE91A12D014008A875D /* AppDelegate.swift */; };
		5E877AEC1A12D014008A875D /* ViewController.swift in Sources */ = {isa = PBXBuildFile; fileRef = 5E877AEB1A12D014008A875D /* ViewController.swift */; };
		5E877AEF1A12D014008A875D /* Main.storyboard in Resources */ = {isa = PBXBuildFile; fileRef = 5E877AED1A12D014008A875D /* Main.storyboard */; };
		5E877AF11A12D014008A875D /* Images.xcassets in Resources */ = {isa = PBXBuildFile; fileRef = 5E877AF01A12D014008A875D /* Images.xcassets */; };
		5E877AF41A12D014008A875D /* LaunchScreen.xib in Resources */ = {isa = PBXBuildFile; fileRef = 5E877AF21A12D014008A875D /* LaunchScreen.xib */; };
		5E877B001A12D014008A875D /* DispatchExampleTests.swift in Sources */ = {isa = PBXBuildFile; fileRef = 5E877AFF1A12D014008A875D /* DispatchExampleTests.swift */; };
/* End PBXBuildFile section */

/* Begin PBXContainerItemProxy section */
		5E877AFA1A12D014008A875D /* PBXContainerItemProxy */ = {
			isa = PBXContainerItemProxy;
			containerPortal = 5E877ADC1A12D013008A875D /* Project object */;
			proxyType = 1;
			remoteGlobalIDString = 5E877AE31A12D014008A875D;
			remoteInfo = DispatchExample;
		};
/* End PBXContainerItemProxy section */

/* Begin PBXFileReference section */
		5E877AE41A12D014008A875D /* DispatchExample.app */ = {isa = PBXFileReference; explicitFileType = wrapper.application; includeInIndex = 0; path = DispatchExample.app; sourceTree = BUILT_PRODUCTS_DIR; };
		5E877AE81A12D014008A875D /* Info.plist */ = {isa = PBXFileReference; lastKnownFileType = text.plist.xml; path = Info.plist; sourceTree = "<group>"; };
		5E877AE91A12D014008A875D /* AppDelegate.swift */ = {isa = PBXFileReference; lastKnownFileType = sourcecode.swift; path = AppDelegate.swift; sourceTree = "<group>"; };
		5E877AEB1A12D014008A875D /* ViewController.swift */ = {isa = PBXFileReference; lastKnownFileType = sourcecode.swift; path = ViewController.swift; sourceTree = "<group>"; };
		5E877AEE1A12D014008A875D /* Base */ = {isa = PBXFileReference; lastKnownFileType = file.storyboard; name = Base; path = Base.lproj/Main.storyboard; sourceTree = "<group>"; };
		5E877AF01A12D014008A875D /* Images.xcassets */ = {isa = PBXFileReference; lastKnownFileType = folder.assetcatalog; path = Images.xcassets; sourceTree = "<group>"; };
		5E877AF31A12D014008A875D /* Base */ = {isa = PBXFileReference; lastKnownFileType = file.xib; name = Base; path = Base.lproj/LaunchScreen.xib; sourceTree = "<group>"; };
		5E877AF91A12D014008A875D /* DispatchExampleTests.xctest */ = {isa = PBXFileReference; explicitFileType = wrapper.cfbundle; includeInIndex = 0; path = DispatchExampleTests.xctest; sourceTree = BUILT_PRODUCTS_DIR; };
		5E877AFE1A12D014008A875D /* Info.plist */ = {isa = PBXFileReference; lastKnownFileType = text.plist.xml; path = Info.plist; sourceTree = "<group>"; };
		5E877AFF1A12D014008A875D /* DispatchExampleTests.swift */ = {isa = PBXFileReference; lastKnownFileType = sourcecode.swift; path = DispatchExampleTests.swift; sourceTree = "<group>"; };
/* End PBXFileReference section */

/* Begin PBXFrameworksBuildPhase section */
		5E877AE11A12D014008A875D /* Frameworks */ = {
			isa = PBXFrameworksBuildPhase;
			buildActionMask = 2147483647;
			files = (
			);
			runOnlyForDeploymentPostprocessing = 0;
		};
		5E877AF61A12D014008A875D /* Frameworks */ = {
			isa = PBXFrameworksBuildPhase;
			buildActionMask = 2147483647;
			files = (
			);
			runOnlyForDeploymentPostprocessing = 0;
		};
/* End PBXFrameworksBuildPhase section */

/* Begin PBXGroup section */
		5E877ADB1A12D013008A875D = {
			isa = PBXGroup;
			children = (
				5E877AE61A12D014008A875D /* DispatchExample */,
				5E877AFC1A12D014008A875D /* DispatchExampleTests */,
				5E877AE51A12D014008A875D /* Products */,
			);
			sourceTree = "<group>";
		};
		5E877AE51A12D014008A875D /* Products */ = {
			isa = PBXGroup;
			children = (
				5E877AE41A12D014008A875D /* DispatchExample.app */,
				5E877AF91A12D014008A875D /* DispatchExampleTests.xctest */,
			);
			name = Products;
			sourceTree = "<group>";
		};
		5E877AE61A12D014008A875D /* DispatchExample */ = {
			isa = PBXGroup;
			children = (
				5E877AE91A12D014008A875D /* AppDelegate.swift */,
				5E877AEB1A12D014008A875D /* ViewController.swift */,
				5E877AED1A12D014008A875D /* Main.storyboard */,
				5E877AF01A12D014008A875D /* Images.xcassets */,
				5E877AF21A12D014008A875D /* LaunchScreen.xib */,
				5E877AE71A12D014008A875D /* Supporting Files */,
			);
			path = DispatchExample;
			sourceTree = "<group>";
		};
		5E877AE71A12D014008A875D /* Supporting Files */ = {
			isa = PBXGroup;
			children = (
				5E877AE81A12D014008A875D /* Info.plist */,
			);
			name = "Supporting Files";
			sourceTree = "<group>";
		};
		5E877AFC1A12D014008A875D /* DispatchExampleTests */ = {
			isa = PBXGroup;
			children = (
				5E877AFF1A12D014008A875D /* DispatchExampleTests.swift */,
				5E877AFD1A12D014008A875D /* Supporting Files */,
			);
			path = DispatchExampleTests;
			sourceTree = "<group>";
		};
		5E877AFD1A12D014008A875D /* Supporting Files */ = {
			isa = PBXGroup;
			children = (
				5E877AFE1A12D014008A875D /* Info.plist */,
			);
			name = "Supporting Files";
			sourceTree = "<group>";
		};
/* End PBXGroup section */

/* Begin PBXNativeTarget section */
		5E877AE31A12D014008A875D /* DispatchExample */ = {
			isa = PBXNativeTarget;
			buildConfigurationList = 5E877B031A12D014008A875D /* Build configuration list for PBXNativeTarget "DispatchExample" */;
			buildPhases = (
				5E877AE01A12D014008A875D /* Sources */,
				5E877AE11A12D014008A875D /* Frameworks */,
				5E877AE21A12D014008A875D /* Resources */,
			);
			buildRules = (
			);
			dependencies = (
			);
			name = DispatchExample;
			productName = DispatchExample;
			productReference = 5E877AE41A12D014008A875D /* DispatchExample.app */;
			productType = "com.apple.product-type.application";
		};
		5E877AF81A12D014008A875D /* DispatchExampleTests */ = {
			isa = PBXNativeTarget;
			buildConfigurationList = 5E877B061A12D014008A875D /* Build configuration list for PBXNativeTarget "DispatchExampleTests" */;
			buildPhases = (
				5E877AF51A12D014008A875D /* Sources */,
				5E877AF61A12D014008A875D /* Frameworks */,
				5E877AF71A12D014008A875D /* Resources */,
			);
			buildRules = (
			);
			dependencies = (
				5E877AFB1A12D014008A875D /* PBXTargetDependency */,
			);
			name = DispatchExampleTests;
			productName = DispatchExampleTests;
			productReference = 5E877AF91A12D014008A875D /* DispatchExampleTests.xctest */;
			productType = "com.apple.product-type.bundle.unit-test";
		};
/* End PBXNativeTarget section */

/* Begin PBXProject section */
		5E877ADC1A12D013008A875D /* Project object */ = {
			isa = PBXProject;
			attributes = {
				LastUpgradeCheck = 0610;
				ORGANIZATIONNAME = "Purdue iOS Club";
				TargetAttributes = {
					5E877AE31A12D014008A875D = {
						CreatedOnToolsVersion = 6.1;
					};
					5E877AF81A12D014008A875D = {
						CreatedOnToolsVersion = 6.1;
						TestTargetID = 5E877AE31A12D014008A875D;
					};
				};
			};
			buildConfigurationList = 5E877ADF1A12D013008A875D /* Build configuration list for PBXProject "DispatchExample" */;
			compatibilityVersion = "Xcode 3.2";
			developmentRegion = English;
			hasScannedForEncodings = 0;
			knownRegions = (
				en,
				Base,
			);
			mainGroup = 5E877ADB1A12D013008A875D;
			productRefGroup = 5E877AE51A12D014008A875D /* Products */;
			projectDirPath = "";
			projectRoot = "";
			targets = (
				5E877AE31A12D014008A875D /* DispatchExample */,
				5E877AF81A12D014008A875D /* DispatchExampleTests */,
			);
		};
/* End PBXProject section */

/* Begin PBXResourcesBuildPhase section */
		5E877AE21A12D014008A875D /* Resources */ = {
			isa = PBXResourcesBuildPhase;
			buildActionMask = 2147483647;
			files = (
				5E877AEF1A12D014008A875D /* Main.storyboard in Resources */,
				5E877AF41A12D014008A875D /* LaunchScreen.xib in Resources */,
				5E877AF11A12D014008A875D /* Images.xcassets in Resources */,
			);
			runOnlyForDeploymentPostprocessing = 0;
		};
		5E877AF71A12D014008A875D /* Resources */ = {
			isa = PBXResourcesBuildPhase;
			buildActionMask = 2147483647;
			files = (
			);
			runOnlyForDeploymentPostprocessing = 0;
		};
/* End PBXResourcesBuildPhase section */

/* Begin PBXSourcesBuildPhase section */
		5E877AE01A12D014008A875D /* Sources */ = {
			isa = PBXSourcesBuildPhase;
			buildActionMask = 2147483647;
			files = (
				5E877AEC1A12D014008A875D /* ViewController.swift in Sources */,
				5E877AEA1A12D014008A875D /* AppDelegate.swift in Sources */,
			);
			runOnlyForDeploymentPostprocessing = 0;
		};
		5E877AF51A12D014008A875D /* Sources */ = {
			isa = PBXSourcesBuildPhase;
			buildActionMask = 2147483647;
			files = (
				5E877B001A12D014008A875D /* DispatchExampleTests.swift in Sources */,
			);
			runOnlyForDeploymentPostprocessing = 0;
		};
/* End PBXSourcesBuildPhase section */

/* Begin PBXTargetDependency section */
		5E877AFB1A12D014008A875D /* PBXTargetDependency */ = {
			isa = PBXTargetDependency;
			target = 5E877AE31A12D014008A875D /* DispatchExample */;
			targetProxy = 5E877AFA1A12D014008A875D /* PBXContainerItemProxy */;
		};
/* End PBXTargetDependency section */

/* Begin PBXVariantGroup section */
		5E877AED1A12D014008A875D /* Main.storyboard */ = {
			isa = PBXVariantGroup;
			children = (
				5E877AEE1A12D014008A875D /* Base */,
			);
			name = Main.storyboard;
			sourceTree = "<group>";
		};
		5E877AF21A12D014008A875D /* LaunchScreen.xib */ = {
			isa = PBXVariantGroup;
			children = (
				5E877AF31A12D014008A875D /* Base */,
			);
			name = LaunchScreen.xib;
			sourceTree = "<group>";
		};
/* End PBXVariantGroup section */

/* Begin XCBuildConfiguration section */
		5E877B011A12D014008A875D /* Debug */ = {
			isa = XCBuildConfiguration;
			buildSettings = {
				ALWAYS_SEARCH_USER_PATHS = NO;
				CLANG_CXX_LANGUAGE_STANDARD = "gnu++0x";
				CLANG_CXX_LIBRARY = "libc++";
				CLANG_ENABLE_MODULES = YES;
				CLANG_ENABLE_OBJC_ARC = YES;
				CLANG_WARN_BOOL_CONVERSION = YES;
				CLANG_WARN_CONSTANT_CONVERSION = YES;
				CLANG_WARN_DIRECT_OBJC_ISA_USAGE = YES_ERROR;
				CLANG_WARN_EMPTY_BODY = YES;
				CLANG_WARN_ENUM_CONVERSION = YES;
				CLANG_WARN_INT_CONVERSION = YES;
				CLANG_WARN_OBJC_ROOT_CLASS = YES_ERROR;
				CLANG_WARN_UNREACHABLE_CODE = YES;
				CLANG_WARN__DUPLICATE_METHOD_MATCH = YES;
				"CODE_SIGN_IDENTITY[sdk=iphoneos*]" = "iPhone Developer";
				COPY_PHASE_STRIP = NO;
				ENABLE_STRICT_OBJC_MSGSEND = YES;
				GCC_C_LANGUAGE_STANDARD = gnu99;
				GCC_DYNAMIC_NO_PIC = NO;
				GCC_OPTIMIZATION_LEVEL = 0;
				GCC_PREPROCESSOR_DEFINITIONS = (
					"DEBUG=1",
					"$(inherited)",
				);
				GCC_SYMBOLS_PRIVATE_EXTERN = NO;
				GCC_WARN_64_TO_32_BIT_CONVERSION = YES;
				GCC_WARN_ABOUT_RETURN_TYPE = YES_ERROR;
				GCC_WARN_UNDECLARED_SELECTOR = YES;
				GCC_WARN_UNINITIALIZED_AUTOS = YES_AGGRESSIVE;
				GCC_WARN_UNUSED_FUNCTION = YES;
				GCC_WARN_UNUSED_VARIABLE = YES;
				IPHONEOS_DEPLOYMENT_TARGET = 8.1;
				MTL_ENABLE_DEBUG_INFO = YES;
				ONLY_ACTIVE_ARCH = YES;
				SDKROOT = iphoneos;
				SWIFT_OPTIMIZATION_LEVEL = "-Onone";
			};
			name = Debug;
		};
		5E877B021A12D014008A875D /* Release */ = {
			isa = XCBuildConfiguration;
			buildSettings = {
				ALWAYS_SEARCH_USER_PATHS = NO;
				CLANG_CXX_LANGUAGE_STANDARD = "gnu++0x";
				CLANG_CXX_LIBRARY = "libc++";
				CLANG_ENABLE_MODULES = YES;
				CLANG_ENABLE_OBJC_ARC = YES;
				CLANG_WARN_BOOL_CONVERSION = YES;
				CLANG_WARN_CONSTANT_CONVERSION = YES;
				CLANG_WARN_DIRECT_OBJC_ISA_USAGE = YES_ERROR;
				CLANG_WARN_EMPTY_BODY = YES;
				CLANG_WARN_ENUM_CONVERSION = YES;
				CLANG_WARN_INT_CONVERSION = YES;
				CLANG_WARN_OBJC_ROOT_CLASS = YES_ERROR;
				CLANG_WARN_UNREACHABLE_CODE = YES;
				CLANG_WARN__DUPLICATE_METHOD_MATCH = YES;
				"CODE_SIGN_IDENTITY[sdk=iphoneos*]" = "iPhone Developer";
				COPY_PHASE_STRIP = YES;
				ENABLE_NS_ASSERTIONS = NO;
				ENABLE_STRICT_OBJC_MSGSEND = YES;
				GCC_C_LANGUAGE_STANDARD = gnu99;
				GCC_WARN_64_TO_32_BIT_CONVERSION = YES;
				GCC_WARN_ABOUT_RETURN_TYPE = YES_ERROR;
				GCC_WARN_UNDECLARED_SELECTOR = YES;
				GCC_WARN_UNINITIALIZED_AUTOS = YES_AGGRESSIVE;
				GCC_WARN_UNUSED_FUNCTION = YES;
				GCC_WARN_UNUSED_VARIABLE = YES;
				IPHONEOS_DEPLOYMENT_TARGET = 8.1;
				MTL_ENABLE_DEBUG_INFO = NO;
				SDKROOT = iphoneos;
				VALIDATE_PRODUCT = YES;
			};
			name = Release;
		};
		5E877B041A12D014008A875D /* Debug */ = {
			isa = XCBuildConfiguration;
			buildSettings = {
				ASSETCATALOG_COMPILER_APPICON_NAME = AppIcon;
				INFOPLIST_FILE = DispatchExample/Info.plist;
				LD_RUNPATH_SEARCH_PATHS = "$(inherited) @executable_path/Frameworks";
				PRODUCT_NAME = "$(TARGET_NAME)";
			};
			name = Debug;
		};
		5E877B051A12D014008A875D /* Release */ = {
			isa = XCBuildConfiguration;
			buildSettings = {
				ASSETCATALOG_COMPILER_APPICON_NAME = AppIcon;
				INFOPLIST_FILE = DispatchExample/Info.plist;
				LD_RUNPATH_SEARCH_PATHS = "$(inherited) @executable_path/Frameworks";
				PRODUCT_NAME = "$(TARGET_NAME)";
			};
			name = Release;
		};
		5E877B071A12D014008A875D /* Debug */ = {
			isa = XCBuildConfiguration;
			buildSettings = {
				BUNDLE_LOADER = "$(TEST_HOST)";
				FRAMEWORK_SEARCH_PATHS = (
					"$(SDKROOT)/Developer/Library/Frameworks",
					"$(inherited)",
				);
				GCC_PREPROCESSOR_DEFINITIONS = (
					"DEBUG=1",
					"$(inherited)",
				);
				INFOPLIST_FILE = DispatchExampleTests/Info.plist;
				LD_RUNPATH_SEARCH_PATHS = "$(inherited) @executable_path/Frameworks @loader_path/Frameworks";
				PRODUCT_NAME = "$(TARGET_NAME)";
				TEST_HOST = "$(BUILT_PRODUCTS_DIR)/DispatchExample.app/DispatchExample";
			};
			name = Debug;
		};
		5E877B081A12D014008A875D /* Release */ = {
			isa = XCBuildConfiguration;
			buildSettings = {
				BUNDLE_LOADER = "$(TEST_HOST)";
				FRAMEWORK_SEARCH_PATHS = (
					"$(SDKROOT)/Developer/Library/Frameworks",
					"$(inherited)",
				);
				INFOPLIST_FILE = DispatchExampleTests/Info.plist;
				LD_RUNPATH_SEARCH_PATHS = "$(inherited) @executable_path/Frameworks @loader_path/Frameworks";
				PRODUCT_NAME = "$(TARGET_NAME)";
				TEST_HOST = "$(BUILT_PRODUCTS_DIR)/DispatchExample.app/DispatchExample";
			};
			name = Release;
		};
/* End XCBuildConfiguration section */

/* Begin XCConfigurationList section */
		5E877ADF1A12D013008A875D /* Build configuration list for PBXProject "DispatchExample" */ = {
			isa = XCConfigurationList;
			buildConfigurations = (
				5E877B011A12D014008A875D /* Debug */,
				5E877B021A12D014008A875D /* Release */,
			);
			defaultConfigurationIsVisible = 0;
			defaultConfigurationName = Release;
		};
		5E877B031A12D014008A875D /* Build configuration list for PBXNativeTarget "DispatchExample" */ = {
			isa = XCConfigurationList;
			buildConfigurations = (
				5E877B041A12D014008A875D /* Debug */,
				5E877B051A12D014008A875D /* Release */,
			);
			defaultConfigurationIsVisible = 0;
		};
		5E877B061A12D014008A875D /* Build configuration list for PBXNativeTarget "DispatchExampleTests" */ = {
			isa = XCConfigurationList;
			buildConfigurations = (
				5E877B071A12D014008A875D /* Debug */,
				5E877B081A12D014008A875D /* Release */,
			);
			defaultConfigurationIsVisible = 0;
		};
/* End XCConfigurationList section */
	};
	rootObject = 5E877ADC1A12D013008A875D /* Project object */;
}
