// !$*UTF8*$!
{
	archiveVersion = 1;
	classes = {
	};
	objectVersion = 46;
	objects = {

/* Begin PBXBuildFile section */
		5EBBD8BC1A3278AF00BBCD28 /* AppDelegate.swift in Sources */ = {isa = PBXBuildFile; fileRef = 5EBBD8BB1A3278AF00BBCD28 /* AppDelegate.swift */; };
		5EBBD8BE1A3278AF00BBCD28 /* ViewController.swift in Sources */ = {isa = PBXBuildFile; fileRef = 5EBBD8BD1A3278AF00BBCD28 /* ViewController.swift */; };
		5EBBD8C11A3278AF00BBCD28 /* Main.storyboard in Resources */ = {isa = PBXBuildFile; fileRef = 5EBBD8BF1A3278AF00BBCD28 /* Main.storyboard */; };
		5EBBD8C31A3278AF00BBCD28 /* Images.xcassets in Resources */ = {isa = PBXBuildFile; fileRef = 5EBBD8C21A3278AF00BBCD28 /* Images.xcassets */; };
		5EBBD8C61A3278AF00BBCD28 /* LaunchScreen.xib in Resources */ = {isa = PBXBuildFile; fileRef = 5EBBD8C41A3278AF00BBCD28 /* LaunchScreen.xib */; };
		5EBBD8D21A3278AF00BBCD28 /* CollectionViewTutTests.swift in Sources */ = {isa = PBXBuildFile; fileRef = 5EBBD8D11A3278AF00BBCD28 /* CollectionViewTutTests.swift */; };
/* End PBXBuildFile section */

/* Begin PBXContainerItemProxy section */
		5EBBD8CC1A3278AF00BBCD28 /* PBXContainerItemProxy */ = {
			isa = PBXContainerItemProxy;
			containerPortal = 5EBBD8AE1A3278AF00BBCD28 /* Project object */;
			proxyType = 1;
			remoteGlobalIDString = 5EBBD8B51A3278AF00BBCD28;
			remoteInfo = CollectionViewTut;
		};
/* End PBXContainerItemProxy section */

/* Begin PBXFileReference section */
		5EBBD8B61A3278AF00BBCD28 /* CollectionViewTut.app */ = {isa = PBXFileReference; explicitFileType = wrapper.application; includeInIndex = 0; path = CollectionViewTut.app; sourceTree = BUILT_PRODUCTS_DIR; };
		5EBBD8BA1A3278AF00BBCD28 /* Info.plist */ = {isa = PBXFileReference; lastKnownFileType = text.plist.xml; path = Info.plist; sourceTree = "<group>"; };
		5EBBD8BB1A3278AF00BBCD28 /* AppDelegate.swift */ = {isa = PBXFileReference; lastKnownFileType = sourcecode.swift; path = AppDelegate.swift; sourceTree = "<group>"; };
		5EBBD8BD1A3278AF00BBCD28 /* ViewController.swift */ = {isa = PBXFileReference; lastKnownFileType = sourcecode.swift; path = ViewController.swift; sourceTree = "<group>"; };
		5EBBD8C01A3278AF00BBCD28 /* Base */ = {isa = PBXFileReference; lastKnownFileType = file.storyboard; name = Base; path = Base.lproj/Main.storyboard; sourceTree = "<group>"; };
		5EBBD8C21A3278AF00BBCD28 /* Images.xcassets */ = {isa = PBXFileReference; lastKnownFileType = folder.assetcatalog; path = Images.xcassets; sourceTree = "<group>"; };
		5EBBD8C51A3278AF00BBCD28 /* Base */ = {isa = PBXFileReference; lastKnownFileType = file.xib; name = Base; path = Base.lproj/LaunchScreen.xib; sourceTree = "<group>"; };
		5EBBD8CB1A3278AF00BBCD28 /* CollectionViewTutTests.xctest */ = {isa = PBXFileReference; explicitFileType = wrapper.cfbundle; includeInIndex = 0; path = CollectionViewTutTests.xctest; sourceTree = BUILT_PRODUCTS_DIR; };
		5EBBD8D01A3278AF00BBCD28 /* Info.plist */ = {isa = PBXFileReference; lastKnownFileType = text.plist.xml; path = Info.plist; sourceTree = "<group>"; };
		5EBBD8D11A3278AF00BBCD28 /* CollectionViewTutTests.swift */ = {isa = PBXFileReference; lastKnownFileType = sourcecode.swift; path = CollectionViewTutTests.swift; sourceTree = "<group>"; };
/* End PBXFileReference section */

/* Begin PBXFrameworksBuildPhase section */
		5EBBD8B31A3278AF00BBCD28 /* Frameworks */ = {
			isa = PBXFrameworksBuildPhase;
			buildActionMask = 2147483647;
			files = (
			);
			runOnlyForDeploymentPostprocessing = 0;
		};
		5EBBD8C81A3278AF00BBCD28 /* Frameworks */ = {
			isa = PBXFrameworksBuildPhase;
			buildActionMask = 2147483647;
			files = (
			);
			runOnlyForDeploymentPostprocessing = 0;
		};
/* End PBXFrameworksBuildPhase section */

/* Begin PBXGroup section */
		5EBBD8AD1A3278AF00BBCD28 = {
			isa = PBXGroup;
			children = (
				5EBBD8B81A3278AF00BBCD28 /* CollectionViewTut */,
				5EBBD8CE1A3278AF00BBCD28 /* CollectionViewTutTests */,
				5EBBD8B71A3278AF00BBCD28 /* Products */,
			);
			sourceTree = "<group>";
		};
		5EBBD8B71A3278AF00BBCD28 /* Products */ = {
			isa = PBXGroup;
			children = (
				5EBBD8B61A3278AF00BBCD28 /* CollectionViewTut.app */,
				5EBBD8CB1A3278AF00BBCD28 /* CollectionViewTutTests.xctest */,
			);
			name = Products;
			sourceTree = "<group>";
		};
		5EBBD8B81A3278AF00BBCD28 /* CollectionViewTut */ = {
			isa = PBXGroup;
			children = (
				5EBBD8BB1A3278AF00BBCD28 /* AppDelegate.swift */,
				5EBBD8BD1A3278AF00BBCD28 /* ViewController.swift */,
				5EBBD8BF1A3278AF00BBCD28 /* Main.storyboard */,
				5EBBD8C21A3278AF00BBCD28 /* Images.xcassets */,
				5EBBD8C41A3278AF00BBCD28 /* LaunchScreen.xib */,
				5EBBD8B91A3278AF00BBCD28 /* Supporting Files */,
			);
			path = CollectionViewTut;
			sourceTree = "<group>";
		};
		5EBBD8B91A3278AF00BBCD28 /* Supporting Files */ = {
			isa = PBXGroup;
			children = (
				5EBBD8BA1A3278AF00BBCD28 /* Info.plist */,
			);
			name = "Supporting Files";
			sourceTree = "<group>";
		};
		5EBBD8CE1A3278AF00BBCD28 /* CollectionViewTutTests */ = {
			isa = PBXGroup;
			children = (
				5EBBD8D11A3278AF00BBCD28 /* CollectionViewTutTests.swift */,
				5EBBD8CF1A3278AF00BBCD28 /* Supporting Files */,
			);
			path = CollectionViewTutTests;
			sourceTree = "<group>";
		};
		5EBBD8CF1A3278AF00BBCD28 /* Supporting Files */ = {
			isa = PBXGroup;
			children = (
				5EBBD8D01A3278AF00BBCD28 /* Info.plist */,
			);
			name = "Supporting Files";
			sourceTree = "<group>";
		};
/* End PBXGroup section */

/* Begin PBXNativeTarget section */
		5EBBD8B51A3278AF00BBCD28 /* CollectionViewTut */ = {
			isa = PBXNativeTarget;
			buildConfigurationList = 5EBBD8D51A3278AF00BBCD28 /* Build configuration list for PBXNativeTarget "CollectionViewTut" */;
			buildPhases = (
				5EBBD8B21A3278AF00BBCD28 /* Sources */,
				5EBBD8B31A3278AF00BBCD28 /* Frameworks */,
				5EBBD8B41A3278AF00BBCD28 /* Resources */,
			);
			buildRules = (
			);
			dependencies = (
			);
			name = CollectionViewTut;
			productName = CollectionViewTut;
			productReference = 5EBBD8B61A3278AF00BBCD28 /* CollectionViewTut.app */;
			productType = "com.apple.product-type.application";
		};
		5EBBD8CA1A3278AF00BBCD28 /* CollectionViewTutTests */ = {
			isa = PBXNativeTarget;
			buildConfigurationList = 5EBBD8D81A3278AF00BBCD28 /* Build configuration list for PBXNativeTarget "CollectionViewTutTests" */;
			buildPhases = (
				5EBBD8C71A3278AF00BBCD28 /* Sources */,
				5EBBD8C81A3278AF00BBCD28 /* Frameworks */,
				5EBBD8C91A3278AF00BBCD28 /* Resources */,
			);
			buildRules = (
			);
			dependencies = (
				5EBBD8CD1A3278AF00BBCD28 /* PBXTargetDependency */,
			);
			name = CollectionViewTutTests;
			productName = CollectionViewTutTests;
			productReference = 5EBBD8CB1A3278AF00BBCD28 /* CollectionViewTutTests.xctest */;
			productType = "com.apple.product-type.bundle.unit-test";
		};
/* End PBXNativeTarget section */

/* Begin PBXProject section */
		5EBBD8AE1A3278AF00BBCD28 /* Project object */ = {
			isa = PBXProject;
			attributes = {
				LastUpgradeCheck = 0610;
				ORGANIZATIONNAME = "Purdue iOS Club";
				TargetAttributes = {
					5EBBD8B51A3278AF00BBCD28 = {
						CreatedOnToolsVersion = 6.1.1;
					};
					5EBBD8CA1A3278AF00BBCD28 = {
						CreatedOnToolsVersion = 6.1.1;
						TestTargetID = 5EBBD8B51A3278AF00BBCD28;
					};
				};
			};
			buildConfigurationList = 5EBBD8B11A3278AF00BBCD28 /* Build configuration list for PBXProject "CollectionViewTut" */;
			compatibilityVersion = "Xcode 3.2";
			developmentRegion = English;
			hasScannedForEncodings = 0;
			knownRegions = (
				en,
				Base,
			);
			mainGroup = 5EBBD8AD1A3278AF00BBCD28;
			productRefGroup = 5EBBD8B71A3278AF00BBCD28 /* Products */;
			projectDirPath = "";
			projectRoot = "";
			targets = (
				5EBBD8B51A3278AF00BBCD28 /* CollectionViewTut */,
				5EBBD8CA1A3278AF00BBCD28 /* CollectionViewTutTests */,
			);
		};
/* End PBXProject section */

/* Begin PBXResourcesBuildPhase section */
		5EBBD8B41A3278AF00BBCD28 /* Resources */ = {
			isa = PBXResourcesBuildPhase;
			buildActionMask = 2147483647;
			files = (
				5EBBD8C11A3278AF00BBCD28 /* Main.storyboard in Resources */,
				5EBBD8C61A3278AF00BBCD28 /* LaunchScreen.xib in Resources */,
				5EBBD8C31A3278AF00BBCD28 /* Images.xcassets in Resources */,
			);
			runOnlyForDeploymentPostprocessing = 0;
		};
		5EBBD8C91A3278AF00BBCD28 /* Resources */ = {
			isa = PBXResourcesBuildPhase;
			buildActionMask = 2147483647;
			files = (
			);
			runOnlyForDeploymentPostprocessing = 0;
		};
/* End PBXResourcesBuildPhase section */

/* Begin PBXSourcesBuildPhase section */
		5EBBD8B21A3278AF00BBCD28 /* Sources */ = {
			isa = PBXSourcesBuildPhase;
			buildActionMask = 2147483647;
			files = (
				5EBBD8BE1A3278AF00BBCD28 /* ViewController.swift in Sources */,
				5EBBD8BC1A3278AF00BBCD28 /* AppDelegate.swift in Sources */,
			);
			runOnlyForDeploymentPostprocessing = 0;
		};
		5EBBD8C71A3278AF00BBCD28 /* Sources */ = {
			isa = PBXSourcesBuildPhase;
			buildActionMask = 2147483647;
			files = (
				5EBBD8D21A3278AF00BBCD28 /* CollectionViewTutTests.swift in Sources */,
			);
			runOnlyForDeploymentPostprocessing = 0;
		};
/* End PBXSourcesBuildPhase section */

/* Begin PBXTargetDependency section */
		5EBBD8CD1A3278AF00BBCD28 /* PBXTargetDependency */ = {
			isa = PBXTargetDependency;
			target = 5EBBD8B51A3278AF00BBCD28 /* CollectionViewTut */;
			targetProxy = 5EBBD8CC1A3278AF00BBCD28 /* PBXContainerItemProxy */;
		};
/* End PBXTargetDependency section */

/* Begin PBXVariantGroup section */
		5EBBD8BF1A3278AF00BBCD28 /* Main.storyboard */ = {
			isa = PBXVariantGroup;
			children = (
				5EBBD8C01A3278AF00BBCD28 /* Base */,
			);
			name = Main.storyboard;
			sourceTree = "<group>";
		};
		5EBBD8C41A3278AF00BBCD28 /* LaunchScreen.xib */ = {
			isa = PBXVariantGroup;
			children = (
				5EBBD8C51A3278AF00BBCD28 /* Base */,
			);
			name = LaunchScreen.xib;
			sourceTree = "<group>";
		};
/* End PBXVariantGroup section */

/* Begin XCBuildConfiguration section */
		5EBBD8D31A3278AF00BBCD28 /* Debug */ = {
			isa = XCBuildConfiguration;
			buildSettings = {
				ALWAYS_SEARCH_USER_PATHS = NO;
				CLANG_CXX_LANGUAGE_STANDARD = "gnu++0x";
				CLANG_CXX_LIBRARY = "libc++";
				CLANG_ENABLE_MODULES = YES;
				CLANG_ENABLE_OBJC_ARC = YES;
				CLANG_WARN_BOOL_CONVERSION = YES;
				CLANG_WARN_CONSTANT_CONVERSION = YES;
				CLANG_WARN_DIRECT_OBJC_ISA_USAGE = YES_ERROR;
				CLANG_WARN_EMPTY_BODY = YES;
				CLANG_WARN_ENUM_CONVERSION = YES;
				CLANG_WARN_INT_CONVERSION = YES;
				CLANG_WARN_OBJC_ROOT_CLASS = YES_ERROR;
				CLANG_WARN_UNREACHABLE_CODE = YES;
				CLANG_WARN__DUPLICATE_METHOD_MATCH = YES;
				"CODE_SIGN_IDENTITY[sdk=iphoneos*]" = "iPhone Developer";
				COPY_PHASE_STRIP = NO;
				ENABLE_STRICT_OBJC_MSGSEND = YES;
				GCC_C_LANGUAGE_STANDARD = gnu99;
				GCC_DYNAMIC_NO_PIC = NO;
				GCC_OPTIMIZATION_LEVEL = 0;
				GCC_PREPROCESSOR_DEFINITIONS = (
					"DEBUG=1",
					"$(inherited)",
				);
				GCC_SYMBOLS_PRIVATE_EXTERN = NO;
				GCC_WARN_64_TO_32_BIT_CONVERSION = YES;
				GCC_WARN_ABOUT_RETURN_TYPE = YES_ERROR;
				GCC_WARN_UNDECLARED_SELECTOR = YES;
				GCC_WARN_UNINITIALIZED_AUTOS = YES_AGGRESSIVE;
				GCC_WARN_UNUSED_FUNCTION = YES;
				GCC_WARN_UNUSED_VARIABLE = YES;
				IPHONEOS_DEPLOYMENT_TARGET = 8.1;
				MTL_ENABLE_DEBUG_INFO = YES;
				ONLY_ACTIVE_ARCH = YES;
				SDKROOT = iphoneos;
				SWIFT_OPTIMIZATION_LEVEL = "-Onone";
			};
			name = Debug;
		};
		5EBBD8D41A3278AF00BBCD28 /* Release */ = {
			isa = XCBuildConfiguration;
			buildSettings = {
				ALWAYS_SEARCH_USER_PATHS = NO;
				CLANG_CXX_LANGUAGE_STANDARD = "gnu++0x";
				CLANG_CXX_LIBRARY = "libc++";
				CLANG_ENABLE_MODULES = YES;
				CLANG_ENABLE_OBJC_ARC = YES;
				CLANG_WARN_BOOL_CONVERSION = YES;
				CLANG_WARN_CONSTANT_CONVERSION = YES;
				CLANG_WARN_DIRECT_OBJC_ISA_USAGE = YES_ERROR;
				CLANG_WARN_EMPTY_BODY = YES;
				CLANG_WARN_ENUM_CONVERSION = YES;
				CLANG_WARN_INT_CONVERSION = YES;
				CLANG_WARN_OBJC_ROOT_CLASS = YES_ERROR;
				CLANG_WARN_UNREACHABLE_CODE = YES;
				CLANG_WARN__DUPLICATE_METHOD_MATCH = YES;
				"CODE_SIGN_IDENTITY[sdk=iphoneos*]" = "iPhone Developer";
				COPY_PHASE_STRIP = YES;
				ENABLE_NS_ASSERTIONS = NO;
				ENABLE_STRICT_OBJC_MSGSEND = YES;
				GCC_C_LANGUAGE_STANDARD = gnu99;
				GCC_WARN_64_TO_32_BIT_CONVERSION = YES;
				GCC_WARN_ABOUT_RETURN_TYPE = YES_ERROR;
				GCC_WARN_UNDECLARED_SELECTOR = YES;
				GCC_WARN_UNINITIALIZED_AUTOS = YES_AGGRESSIVE;
				GCC_WARN_UNUSED_FUNCTION = YES;
				GCC_WARN_UNUSED_VARIABLE = YES;
				IPHONEOS_DEPLOYMENT_TARGET = 8.1;
				MTL_ENABLE_DEBUG_INFO = NO;
				SDKROOT = iphoneos;
				VALIDATE_PRODUCT = YES;
			};
			name = Release;
		};
		5EBBD8D61A3278AF00BBCD28 /* Debug */ = {
			isa = XCBuildConfiguration;
			buildSettings = {
				ASSETCATALOG_COMPILER_APPICON_NAME = AppIcon;
				INFOPLIST_FILE = CollectionViewTut/Info.plist;
				LD_RUNPATH_SEARCH_PATHS = "$(inherited) @executable_path/Frameworks";
				PRODUCT_NAME = "$(TARGET_NAME)";
			};
			name = Debug;
		};
		5EBBD8D71A3278AF00BBCD28 /* Release */ = {
			isa = XCBuildConfiguration;
			buildSettings = {
				ASSETCATALOG_COMPILER_APPICON_NAME = AppIcon;
				INFOPLIST_FILE = CollectionViewTut/Info.plist;
				LD_RUNPATH_SEARCH_PATHS = "$(inherited) @executable_path/Frameworks";
				PRODUCT_NAME = "$(TARGET_NAME)";
			};
			name = Release;
		};
		5EBBD8D91A3278AF00BBCD28 /* Debug */ = {
			isa = XCBuildConfiguration;
			buildSettings = {
				BUNDLE_LOADER = "$(TEST_HOST)";
				FRAMEWORK_SEARCH_PATHS = (
					"$(SDKROOT)/Developer/Library/Frameworks",
					"$(inherited)",
				);
				GCC_PREPROCESSOR_DEFINITIONS = (
					"DEBUG=1",
					"$(inherited)",
				);
				INFOPLIST_FILE = CollectionViewTutTests/Info.plist;
				LD_RUNPATH_SEARCH_PATHS = "$(inherited) @executable_path/Frameworks @loader_path/Frameworks";
				PRODUCT_NAME = "$(TARGET_NAME)";
				TEST_HOST = "$(BUILT_PRODUCTS_DIR)/CollectionViewTut.app/CollectionViewTut";
			};
			name = Debug;
		};
		5EBBD8DA1A3278AF00BBCD28 /* Release */ = {
			isa = XCBuildConfiguration;
			buildSettings = {
				BUNDLE_LOADER = "$(TEST_HOST)";
				FRAMEWORK_SEARCH_PATHS = (
					"$(SDKROOT)/Developer/Library/Frameworks",
					"$(inherited)",
				);
				INFOPLIST_FILE = CollectionViewTutTests/Info.plist;
				LD_RUNPATH_SEARCH_PATHS = "$(inherited) @executable_path/Frameworks @loader_path/Frameworks";
				PRODUCT_NAME = "$(TARGET_NAME)";
				TEST_HOST = "$(BUILT_PRODUCTS_DIR)/CollectionViewTut.app/CollectionViewTut";
			};
			name = Release;
		};
/* End XCBuildConfiguration section */

/* Begin XCConfigurationList section */
		5EBBD8B11A3278AF00BBCD28 /* Build configuration list for PBXProject "CollectionViewTut" */ = {
			isa = XCConfigurationList;
			buildConfigurations = (
				5EBBD8D31A3278AF00BBCD28 /* Debug */,
				5EBBD8D41A3278AF00BBCD28 /* Release */,
			);
			defaultConfigurationIsVisible = 0;
			defaultConfigurationName = Release;
		};
		5EBBD8D51A3278AF00BBCD28 /* Build configuration list for PBXNativeTarget "CollectionViewTut" */ = {
			isa = XCConfigurationList;
			buildConfigurations = (
				5EBBD8D61A3278AF00BBCD28 /* Debug */,
				5EBBD8D71A3278AF00BBCD28 /* Release */,
			);
			defaultConfigurationIsVisible = 0;
		};
		5EBBD8D81A3278AF00BBCD28 /* Build configuration list for PBXNativeTarget "CollectionViewTutTests" */ = {
			isa = XCConfigurationList;
			buildConfigurations = (
				5EBBD8D91A3278AF00BBCD28 /* Debug */,
				5EBBD8DA1A3278AF00BBCD28 /* Release */,
			);
			defaultConfigurationIsVisible = 0;
		};
/* End XCConfigurationList section */
	};
	rootObject = 5EBBD8AE1A3278AF00BBCD28 /* Project object */;
}
