// !$*UTF8*$!
{
	archiveVersion = 1;
	classes = {
	};
	objectVersion = 46;
	objects = {

/* Begin PBXBuildFile section */
		5E331CDD1A34492500E169C9 /* AppDelegate.swift in Sources */ = {isa = PBXBuildFile; fileRef = 5E331CDC1A34492500E169C9 /* AppDelegate.swift */; };
		5E331CDF1A34492500E169C9 /* ViewController.swift in Sources */ = {isa = PBXBuildFile; fileRef = 5E331CDE1A34492500E169C9 /* ViewController.swift */; };
		5E331CE21A34492500E169C9 /* Main.storyboard in Resources */ = {isa = PBXBuildFile; fileRef = 5E331CE01A34492500E169C9 /* Main.storyboard */; };
		5E331CE41A34492500E169C9 /* Images.xcassets in Resources */ = {isa = PBXBuildFile; fileRef = 5E331CE31A34492500E169C9 /* Images.xcassets */; };
		5E331CE71A34492500E169C9 /* LaunchScreen.xib in Resources */ = {isa = PBXBuildFile; fileRef = 5E331CE51A34492500E169C9 /* LaunchScreen.xib */; };
		5E331CF31A34492500E169C9 /* LocalizationTests.swift in Sources */ = {isa = PBXBuildFile; fileRef = 5E331CF21A34492500E169C9 /* LocalizationTests.swift */; };
		5E331CFE1A34497F00E169C9 /* Localizable.strings in Resources */ = {isa = PBXBuildFile; fileRef = 5E331D001A34497F00E169C9 /* Localizable.strings */; };
/* End PBXBuildFile section */

/* Begin PBXContainerItemProxy section */
		5E331CED1A34492500E169C9 /* PBXContainerItemProxy */ = {
			isa = PBXContainerItemProxy;
			containerPortal = 5E331CCF1A34492500E169C9 /* Project object */;
			proxyType = 1;
			remoteGlobalIDString = 5E331CD61A34492500E169C9;
			remoteInfo = Localization;
		};
/* End PBXContainerItemProxy section */

/* Begin PBXFileReference section */
		5E331CD71A34492500E169C9 /* Localization.app */ = {isa = PBXFileReference; explicitFileType = wrapper.application; includeInIndex = 0; path = Localization.app; sourceTree = BUILT_PRODUCTS_DIR; };
		5E331CDB1A34492500E169C9 /* Info.plist */ = {isa = PBXFileReference; lastKnownFileType = text.plist.xml; path = Info.plist; sourceTree = "<group>"; };
		5E331CDC1A34492500E169C9 /* AppDelegate.swift */ = {isa = PBXFileReference; lastKnownFileType = sourcecode.swift; path = AppDelegate.swift; sourceTree = "<group>"; };
		5E331CDE1A34492500E169C9 /* ViewController.swift */ = {isa = PBXFileReference; lastKnownFileType = sourcecode.swift; path = ViewController.swift; sourceTree = "<group>"; };
		5E331CE11A34492500E169C9 /* Base */ = {isa = PBXFileReference; lastKnownFileType = file.storyboard; name = Base; path = Base.lproj/Main.storyboard; sourceTree = "<group>"; };
		5E331CE31A34492500E169C9 /* Images.xcassets */ = {isa = PBXFileReference; lastKnownFileType = folder.assetcatalog; path = Images.xcassets; sourceTree = "<group>"; };
		5E331CE61A34492500E169C9 /* Base */ = {isa = PBXFileReference; lastKnownFileType = file.xib; name = Base; path = Base.lproj/LaunchScreen.xib; sourceTree = "<group>"; };
		5E331CEC1A34492500E169C9 /* LocalizationTests.xctest */ = {isa = PBXFileReference; explicitFileType = wrapper.cfbundle; includeInIndex = 0; path = LocalizationTests.xctest; sourceTree = BUILT_PRODUCTS_DIR; };
		5E331CF11A34492500E169C9 /* Info.plist */ = {isa = PBXFileReference; lastKnownFileType = text.plist.xml; path = Info.plist; sourceTree = "<group>"; };
		5E331CF21A34492500E169C9 /* LocalizationTests.swift */ = {isa = PBXFileReference; lastKnownFileType = sourcecode.swift; path = LocalizationTests.swift; sourceTree = "<group>"; };
		5E331CFF1A34497F00E169C9 /* Base */ = {isa = PBXFileReference; lastKnownFileType = text.plist.strings; name = Base; path = Base.lproj/Localizable.strings; sourceTree = "<group>"; };
		5E331D011A34498100E169C9 /* en */ = {isa = PBXFileReference; lastKnownFileType = text.plist.strings; name = en; path = en.lproj/Localizable.strings; sourceTree = "<group>"; };
		5E331D021A34498A00E169C9 /* zh-Hant */ = {isa = PBXFileReference; lastKnownFileType = text.plist.strings; name = "zh-Hant"; path = "zh-Hant.lproj/Localizable.strings"; sourceTree = "<group>"; };
/* End PBXFileReference section */

/* Begin PBXFrameworksBuildPhase section */
		5E331CD41A34492500E169C9 /* Frameworks */ = {
			isa = PBXFrameworksBuildPhase;
			buildActionMask = 2147483647;
			files = (
			);
			runOnlyForDeploymentPostprocessing = 0;
		};
		5E331CE91A34492500E169C9 /* Frameworks */ = {
			isa = PBXFrameworksBuildPhase;
			buildActionMask = 2147483647;
			files = (
			);
			runOnlyForDeploymentPostprocessing = 0;
		};
/* End PBXFrameworksBuildPhase section */

/* Begin PBXGroup section */
		5E331CCE1A34492500E169C9 = {
			isa = PBXGroup;
			children = (
				5E331CD91A34492500E169C9 /* Localization */,
				5E331CEF1A34492500E169C9 /* LocalizationTests */,
				5E331CD81A34492500E169C9 /* Products */,
			);
			sourceTree = "<group>";
		};
		5E331CD81A34492500E169C9 /* Products */ = {
			isa = PBXGroup;
			children = (
				5E331CD71A34492500E169C9 /* Localization.app */,
				5E331CEC1A34492500E169C9 /* LocalizationTests.xctest */,
			);
			name = Products;
			sourceTree = "<group>";
		};
		5E331CD91A34492500E169C9 /* Localization */ = {
			isa = PBXGroup;
			children = (
				5E331CDC1A34492500E169C9 /* AppDelegate.swift */,
				5E331CDE1A34492500E169C9 /* ViewController.swift */,
				5E331CE01A34492500E169C9 /* Main.storyboard */,
				5E331CE31A34492500E169C9 /* Images.xcassets */,
				5E331CE51A34492500E169C9 /* LaunchScreen.xib */,
				5E331CDA1A34492500E169C9 /* Supporting Files */,
				5E331D001A34497F00E169C9 /* Localizable.strings */,
			);
			path = Localization;
			sourceTree = "<group>";
		};
		5E331CDA1A34492500E169C9 /* Supporting Files */ = {
			isa = PBXGroup;
			children = (
				5E331CDB1A34492500E169C9 /* Info.plist */,
			);
			name = "Supporting Files";
			sourceTree = "<group>";
		};
		5E331CEF1A34492500E169C9 /* LocalizationTests */ = {
			isa = PBXGroup;
			children = (
				5E331CF21A34492500E169C9 /* LocalizationTests.swift */,
				5E331CF01A34492500E169C9 /* Supporting Files */,
			);
			path = LocalizationTests;
			sourceTree = "<group>";
		};
		5E331CF01A34492500E169C9 /* Supporting Files */ = {
			isa = PBXGroup;
			children = (
				5E331CF11A34492500E169C9 /* Info.plist */,
			);
			name = "Supporting Files";
			sourceTree = "<group>";
		};
/* End PBXGroup section */

/* Begin PBXNativeTarget section */
		5E331CD61A34492500E169C9 /* Localization */ = {
			isa = PBXNativeTarget;
			buildConfigurationList = 5E331CF61A34492500E169C9 /* Build configuration list for PBXNativeTarget "Localization" */;
			buildPhases = (
				5E331CD31A34492500E169C9 /* Sources */,
				5E331CD41A34492500E169C9 /* Frameworks */,
				5E331CD51A34492500E169C9 /* Resources */,
			);
			buildRules = (
			);
			dependencies = (
			);
			name = Localization;
			productName = Localization;
			productReference = 5E331CD71A34492500E169C9 /* Localization.app */;
			productType = "com.apple.product-type.application";
		};
		5E331CEB1A34492500E169C9 /* LocalizationTests */ = {
			isa = PBXNativeTarget;
			buildConfigurationList = 5E331CF91A34492500E169C9 /* Build configuration list for PBXNativeTarget "LocalizationTests" */;
			buildPhases = (
				5E331CE81A34492500E169C9 /* Sources */,
				5E331CE91A34492500E169C9 /* Frameworks */,
				5E331CEA1A34492500E169C9 /* Resources */,
			);
			buildRules = (
			);
			dependencies = (
				5E331CEE1A34492500E169C9 /* PBXTargetDependency */,
			);
			name = LocalizationTests;
			productName = LocalizationTests;
			productReference = 5E331CEC1A34492500E169C9 /* LocalizationTests.xctest */;
			productType = "com.apple.product-type.bundle.unit-test";
		};
/* End PBXNativeTarget section */

/* Begin PBXProject section */
		5E331CCF1A34492500E169C9 /* Project object */ = {
			isa = PBXProject;
			attributes = {
				LastUpgradeCheck = 0610;
				ORGANIZATIONNAME = "Purdue iOS Club";
				TargetAttributes = {
					5E331CD61A34492500E169C9 = {
						CreatedOnToolsVersion = 6.1.1;
					};
					5E331CEB1A34492500E169C9 = {
						CreatedOnToolsVersion = 6.1.1;
						TestTargetID = 5E331CD61A34492500E169C9;
					};
				};
			};
			buildConfigurationList = 5E331CD21A34492500E169C9 /* Build configuration list for PBXProject "Localization" */;
			compatibilityVersion = "Xcode 3.2";
			developmentRegion = English;
			hasScannedForEncodings = 0;
			knownRegions = (
				en,
				Base,
				"zh-Hant",
			);
			mainGroup = 5E331CCE1A34492500E169C9;
			productRefGroup = 5E331CD81A34492500E169C9 /* Products */;
			projectDirPath = "";
			projectRoot = "";
			targets = (
				5E331CD61A34492500E169C9 /* Localization */,
				5E331CEB1A34492500E169C9 /* LocalizationTests */,
			);
		};
/* End PBXProject section */

/* Begin PBXResourcesBuildPhase section */
		5E331CD51A34492500E169C9 /* Resources */ = {
			isa = PBXResourcesBuildPhase;
			buildActionMask = 2147483647;
			files = (
				5E331CE21A34492500E169C9 /* Main.storyboard in Resources */,
				5E331CFE1A34497F00E169C9 /* Localizable.strings in Resources */,
				5E331CE71A34492500E169C9 /* LaunchScreen.xib in Resources */,
				5E331CE41A34492500E169C9 /* Images.xcassets in Resources */,
			);
			runOnlyForDeploymentPostprocessing = 0;
		};
		5E331CEA1A34492500E169C9 /* Resources */ = {
			isa = PBXResourcesBuildPhase;
			buildActionMask = 2147483647;
			files = (
			);
			runOnlyForDeploymentPostprocessing = 0;
		};
/* End PBXResourcesBuildPhase section */

/* Begin PBXSourcesBuildPhase section */
		5E331CD31A34492500E169C9 /* Sources */ = {
			isa = PBXSourcesBuildPhase;
			buildActionMask = 2147483647;
			files = (
				5E331CDF1A34492500E169C9 /* ViewController.swift in Sources */,
				5E331CDD1A34492500E169C9 /* AppDelegate.swift in Sources */,
			);
			runOnlyForDeploymentPostprocessing = 0;
		};
		5E331CE81A34492500E169C9 /* Sources */ = {
			isa = PBXSourcesBuildPhase;
			buildActionMask = 2147483647;
			files = (
				5E331CF31A34492500E169C9 /* LocalizationTests.swift in Sources */,
			);
			runOnlyForDeploymentPostprocessing = 0;
		};
/* End PBXSourcesBuildPhase section */

/* Begin PBXTargetDependency section */
		5E331CEE1A34492500E169C9 /* PBXTargetDependency */ = {
			isa = PBXTargetDependency;
			target = 5E331CD61A34492500E169C9 /* Localization */;
			targetProxy = 5E331CED1A34492500E169C9 /* PBXContainerItemProxy */;
		};
/* End PBXTargetDependency section */

/* Begin PBXVariantGroup section */
		5E331CE01A34492500E169C9 /* Main.storyboard */ = {
			isa = PBXVariantGroup;
			children = (
				5E331CE11A34492500E169C9 /* Base */,
			);
			name = Main.storyboard;
			sourceTree = "<group>";
		};
		5E331CE51A34492500E169C9 /* LaunchScreen.xib */ = {
			isa = PBXVariantGroup;
			children = (
				5E331CE61A34492500E169C9 /* Base */,
			);
			name = LaunchScreen.xib;
			sourceTree = "<group>";
		};
		5E331D001A34497F00E169C9 /* Localizable.strings */ = {
			isa = PBXVariantGroup;
			children = (
				5E331CFF1A34497F00E169C9 /* Base */,
				5E331D011A34498100E169C9 /* en */,
				5E331D021A34498A00E169C9 /* zh-Hant */,
			);
			name = Localizable.strings;
			sourceTree = "<group>";
		};
/* End PBXVariantGroup section */

/* Begin XCBuildConfiguration section */
		5E331CF41A34492500E169C9 /* Debug */ = {
			isa = XCBuildConfiguration;
			buildSettings = {
				ALWAYS_SEARCH_USER_PATHS = NO;
				CLANG_CXX_LANGUAGE_STANDARD = "gnu++0x";
				CLANG_CXX_LIBRARY = "libc++";
				CLANG_ENABLE_MODULES = YES;
				CLANG_ENABLE_OBJC_ARC = YES;
				CLANG_WARN_BOOL_CONVERSION = YES;
				CLANG_WARN_CONSTANT_CONVERSION = YES;
				CLANG_WARN_DIRECT_OBJC_ISA_USAGE = YES_ERROR;
				CLANG_WARN_EMPTY_BODY = YES;
				CLANG_WARN_ENUM_CONVERSION = YES;
				CLANG_WARN_INT_CONVERSION = YES;
				CLANG_WARN_OBJC_ROOT_CLASS = YES_ERROR;
				CLANG_WARN_UNREACHABLE_CODE = YES;
				CLANG_WARN__DUPLICATE_METHOD_MATCH = YES;
				"CODE_SIGN_IDENTITY[sdk=iphoneos*]" = "iPhone Developer";
				COPY_PHASE_STRIP = NO;
				ENABLE_STRICT_OBJC_MSGSEND = YES;
				GCC_C_LANGUAGE_STANDARD = gnu99;
				GCC_DYNAMIC_NO_PIC = NO;
				GCC_OPTIMIZATION_LEVEL = 0;
				GCC_PREPROCESSOR_DEFINITIONS = (
					"DEBUG=1",
					"$(inherited)",
				);
				GCC_SYMBOLS_PRIVATE_EXTERN = NO;
				GCC_WARN_64_TO_32_BIT_CONVERSION = YES;
				GCC_WARN_ABOUT_RETURN_TYPE = YES_ERROR;
				GCC_WARN_UNDECLARED_SELECTOR = YES;
				GCC_WARN_UNINITIALIZED_AUTOS = YES_AGGRESSIVE;
				GCC_WARN_UNUSED_FUNCTION = YES;
				GCC_WARN_UNUSED_VARIABLE = YES;
				IPHONEOS_DEPLOYMENT_TARGET = 8.1;
				MTL_ENABLE_DEBUG_INFO = YES;
				ONLY_ACTIVE_ARCH = YES;
				SDKROOT = iphoneos;
				SWIFT_OPTIMIZATION_LEVEL = "-Onone";
			};
			name = Debug;
		};
		5E331CF51A34492500E169C9 /* Release */ = {
			isa = XCBuildConfiguration;
			buildSettings = {
				ALWAYS_SEARCH_USER_PATHS = NO;
				CLANG_CXX_LANGUAGE_STANDARD = "gnu++0x";
				CLANG_CXX_LIBRARY = "libc++";
				CLANG_ENABLE_MODULES = YES;
				CLANG_ENABLE_OBJC_ARC = YES;
				CLANG_WARN_BOOL_CONVERSION = YES;
				CLANG_WARN_CONSTANT_CONVERSION = YES;
				CLANG_WARN_DIRECT_OBJC_ISA_USAGE = YES_ERROR;
				CLANG_WARN_EMPTY_BODY = YES;
				CLANG_WARN_ENUM_CONVERSION = YES;
				CLANG_WARN_INT_CONVERSION = YES;
				CLANG_WARN_OBJC_ROOT_CLASS = YES_ERROR;
				CLANG_WARN_UNREACHABLE_CODE = YES;
				CLANG_WARN__DUPLICATE_METHOD_MATCH = YES;
				"CODE_SIGN_IDENTITY[sdk=iphoneos*]" = "iPhone Developer";
				COPY_PHASE_STRIP = YES;
				ENABLE_NS_ASSERTIONS = NO;
				ENABLE_STRICT_OBJC_MSGSEND = YES;
				GCC_C_LANGUAGE_STANDARD = gnu99;
				GCC_WARN_64_TO_32_BIT_CONVERSION = YES;
				GCC_WARN_ABOUT_RETURN_TYPE = YES_ERROR;
				GCC_WARN_UNDECLARED_SELECTOR = YES;
				GCC_WARN_UNINITIALIZED_AUTOS = YES_AGGRESSIVE;
				GCC_WARN_UNUSED_FUNCTION = YES;
				GCC_WARN_UNUSED_VARIABLE = YES;
				IPHONEOS_DEPLOYMENT_TARGET = 8.1;
				MTL_ENABLE_DEBUG_INFO = NO;
				SDKROOT = iphoneos;
				VALIDATE_PRODUCT = YES;
			};
			name = Release;
		};
		5E331CF71A34492500E169C9 /* Debug */ = {
			isa = XCBuildConfiguration;
			buildSettings = {
				ASSETCATALOG_COMPILER_APPICON_NAME = AppIcon;
				INFOPLIST_FILE = Localization/Info.plist;
				LD_RUNPATH_SEARCH_PATHS = "$(inherited) @executable_path/Frameworks";
				PRODUCT_NAME = "$(TARGET_NAME)";
			};
			name = Debug;
		};
		5E331CF81A34492500E169C9 /* Release */ = {
			isa = XCBuildConfiguration;
			buildSettings = {
				ASSETCATALOG_COMPILER_APPICON_NAME = AppIcon;
				INFOPLIST_FILE = Localization/Info.plist;
				LD_RUNPATH_SEARCH_PATHS = "$(inherited) @executable_path/Frameworks";
				PRODUCT_NAME = "$(TARGET_NAME)";
			};
			name = Release;
		};
		5E331CFA1A34492500E169C9 /* Debug */ = {
			isa = XCBuildConfiguration;
			buildSettings = {
				BUNDLE_LOADER = "$(TEST_HOST)";
				FRAMEWORK_SEARCH_PATHS = (
					"$(SDKROOT)/Developer/Library/Frameworks",
					"$(inherited)",
				);
				GCC_PREPROCESSOR_DEFINITIONS = (
					"DEBUG=1",
					"$(inherited)",
				);
				INFOPLIST_FILE = LocalizationTests/Info.plist;
				LD_RUNPATH_SEARCH_PATHS = "$(inherited) @executable_path/Frameworks @loader_path/Frameworks";
				PRODUCT_NAME = "$(TARGET_NAME)";
				TEST_HOST = "$(BUILT_PRODUCTS_DIR)/Localization.app/Localization";
			};
			name = Debug;
		};
		5E331CFB1A34492500E169C9 /* Release */ = {
			isa = XCBuildConfiguration;
			buildSettings = {
				BUNDLE_LOADER = "$(TEST_HOST)";
				FRAMEWORK_SEARCH_PATHS = (
					"$(SDKROOT)/Developer/Library/Frameworks",
					"$(inherited)",
				);
				INFOPLIST_FILE = LocalizationTests/Info.plist;
				LD_RUNPATH_SEARCH_PATHS = "$(inherited) @executable_path/Frameworks @loader_path/Frameworks";
				PRODUCT_NAME = "$(TARGET_NAME)";
				TEST_HOST = "$(BUILT_PRODUCTS_DIR)/Localization.app/Localization";
			};
			name = Release;
		};
/* End XCBuildConfiguration section */

/* Begin XCConfigurationList section */
		5E331CD21A34492500E169C9 /* Build configuration list for PBXProject "Localization" */ = {
			isa = XCConfigurationList;
			buildConfigurations = (
				5E331CF41A34492500E169C9 /* Debug */,
				5E331CF51A34492500E169C9 /* Release */,
			);
			defaultConfigurationIsVisible = 0;
			defaultConfigurationName = Release;
		};
		5E331CF61A34492500E169C9 /* Build configuration list for PBXNativeTarget "Localization" */ = {
			isa = XCConfigurationList;
			buildConfigurations = (
				5E331CF71A34492500E169C9 /* Debug */,
				5E331CF81A34492500E169C9 /* Release */,
			);
			defaultConfigurationIsVisible = 0;
		};
		5E331CF91A34492500E169C9 /* Build configuration list for PBXNativeTarget "LocalizationTests" */ = {
			isa = XCConfigurationList;
			buildConfigurations = (
				5E331CFA1A34492500E169C9 /* Debug */,
				5E331CFB1A34492500E169C9 /* Release */,
			);
			defaultConfigurationIsVisible = 0;
		};
/* End XCConfigurationList section */
	};
	rootObject = 5E331CCF1A34492500E169C9 /* Project object */;
}
