// !$*UTF8*$!
{
	archiveVersion = 1;
	classes = {
	};
	objectVersion = 46;
	objects = {

/* Begin PBXBuildFile section */
		5EE23D0819DB5D7B00BFCA5B /* AppDelegate.swift in Sources */ = {isa = PBXBuildFile; fileRef = 5EE23D0719DB5D7B00BFCA5B /* AppDelegate.swift */; };
		5EE23D0A19DB5D7B00BFCA5B /* ViewController.swift in Sources */ = {isa = PBXBuildFile; fileRef = 5EE23D0919DB5D7B00BFCA5B /* ViewController.swift */; };
		5EE23D0D19DB5D7B00BFCA5B /* Main.storyboard in Resources */ = {isa = PBXBuildFile; fileRef = 5EE23D0B19DB5D7B00BFCA5B /* Main.storyboard */; };
		5EE23D0F19DB5D7B00BFCA5B /* Images.xcassets in Resources */ = {isa = PBXBuildFile; fileRef = 5EE23D0E19DB5D7B00BFCA5B /* Images.xcassets */; };
		5EE23D1219DB5D7B00BFCA5B /* LaunchScreen.xib in Resources */ = {isa = PBXBuildFile; fileRef = 5EE23D1019DB5D7B00BFCA5B /* LaunchScreen.xib */; };
		5EE23D1E19DB5D7B00BFCA5B /* TableViewSampleTests.swift in Sources */ = {isa = PBXBuildFile; fileRef = 5EE23D1D19DB5D7B00BFCA5B /* TableViewSampleTests.swift */; };
		5EE23D2819DB5E1B00BFCA5B /* DemoViewController.swift in Sources */ = {isa = PBXBuildFile; fileRef = 5EE23D2719DB5E1B00BFCA5B /* DemoViewController.swift */; };
/* End PBXBuildFile section */

/* Begin PBXContainerItemProxy section */
		5EE23D1819DB5D7B00BFCA5B /* PBXContainerItemProxy */ = {
			isa = PBXContainerItemProxy;
			containerPortal = 5EE23CFA19DB5D7B00BFCA5B /* Project object */;
			proxyType = 1;
			remoteGlobalIDString = 5EE23D0119DB5D7B00BFCA5B;
			remoteInfo = TableViewSample;
		};
/* End PBXContainerItemProxy section */

/* Begin PBXFileReference section */
		5EE23D0219DB5D7B00BFCA5B /* TableViewSample.app */ = {isa = PBXFileReference; explicitFileType = wrapper.application; includeInIndex = 0; path = TableViewSample.app; sourceTree = BUILT_PRODUCTS_DIR; };
		5EE23D0619DB5D7B00BFCA5B /* Info.plist */ = {isa = PBXFileReference; lastKnownFileType = text.plist.xml; path = Info.plist; sourceTree = "<group>"; };
		5EE23D0719DB5D7B00BFCA5B /* AppDelegate.swift */ = {isa = PBXFileReference; lastKnownFileType = sourcecode.swift; path = AppDelegate.swift; sourceTree = "<group>"; };
		5EE23D0919DB5D7B00BFCA5B /* ViewController.swift */ = {isa = PBXFileReference; lastKnownFileType = sourcecode.swift; path = ViewController.swift; sourceTree = "<group>"; };
		5EE23D0C19DB5D7B00BFCA5B /* Base */ = {isa = PBXFileReference; lastKnownFileType = file.storyboard; name = Base; path = Base.lproj/Main.storyboard; sourceTree = "<group>"; };
		5EE23D0E19DB5D7B00BFCA5B /* Images.xcassets */ = {isa = PBXFileReference; lastKnownFileType = folder.assetcatalog; path = Images.xcassets; sourceTree = "<group>"; };
		5EE23D1119DB5D7B00BFCA5B /* Base */ = {isa = PBXFileReference; lastKnownFileType = file.xib; name = Base; path = Base.lproj/LaunchScreen.xib; sourceTree = "<group>"; };
		5EE23D1719DB5D7B00BFCA5B /* TableViewSampleTests.xctest */ = {isa = PBXFileReference; explicitFileType = wrapper.cfbundle; includeInIndex = 0; path = TableViewSampleTests.xctest; sourceTree = BUILT_PRODUCTS_DIR; };
		5EE23D1C19DB5D7B00BFCA5B /* Info.plist */ = {isa = PBXFileReference; lastKnownFileType = text.plist.xml; path = Info.plist; sourceTree = "<group>"; };
		5EE23D1D19DB5D7B00BFCA5B /* TableViewSampleTests.swift */ = {isa = PBXFileReference; lastKnownFileType = sourcecode.swift; path = TableViewSampleTests.swift; sourceTree = "<group>"; };
		5EE23D2719DB5E1B00BFCA5B /* DemoViewController.swift */ = {isa = PBXFileReference; fileEncoding = 4; lastKnownFileType = sourcecode.swift; path = DemoViewController.swift; sourceTree = "<group>"; };
/* End PBXFileReference section */

/* Begin PBXFrameworksBuildPhase section */
		5EE23CFF19DB5D7B00BFCA5B /* Frameworks */ = {
			isa = PBXFrameworksBuildPhase;
			buildActionMask = 2147483647;
			files = (
			);
			runOnlyForDeploymentPostprocessing = 0;
		};
		5EE23D1419DB5D7B00BFCA5B /* Frameworks */ = {
			isa = PBXFrameworksBuildPhase;
			buildActionMask = 2147483647;
			files = (
			);
			runOnlyForDeploymentPostprocessing = 0;
		};
/* End PBXFrameworksBuildPhase section */

/* Begin PBXGroup section */
		5EE23CF919DB5D7B00BFCA5B = {
			isa = PBXGroup;
			children = (
				5EE23D0419DB5D7B00BFCA5B /* TableViewSample */,
				5EE23D1A19DB5D7B00BFCA5B /* TableViewSampleTests */,
				5EE23D0319DB5D7B00BFCA5B /* Products */,
			);
			sourceTree = "<group>";
		};
		5EE23D0319DB5D7B00BFCA5B /* Products */ = {
			isa = PBXGroup;
			children = (
				5EE23D0219DB5D7B00BFCA5B /* TableViewSample.app */,
				5EE23D1719DB5D7B00BFCA5B /* TableViewSampleTests.xctest */,
			);
			name = Products;
			sourceTree = "<group>";
		};
		5EE23D0419DB5D7B00BFCA5B /* TableViewSample */ = {
			isa = PBXGroup;
			children = (
				5EE23D0719DB5D7B00BFCA5B /* AppDelegate.swift */,
				5EE23D0919DB5D7B00BFCA5B /* ViewController.swift */,
				5EE23D0B19DB5D7B00BFCA5B /* Main.storyboard */,
				5EE23D2719DB5E1B00BFCA5B /* DemoViewController.swift */,
				5EE23D0E19DB5D7B00BFCA5B /* Images.xcassets */,
				5EE23D1019DB5D7B00BFCA5B /* LaunchScreen.xib */,
				5EE23D0519DB5D7B00BFCA5B /* Supporting Files */,
			);
			path = TableViewSample;
			sourceTree = "<group>";
		};
		5EE23D0519DB5D7B00BFCA5B /* Supporting Files */ = {
			isa = PBXGroup;
			children = (
				5EE23D0619DB5D7B00BFCA5B /* Info.plist */,
			);
			name = "Supporting Files";
			sourceTree = "<group>";
		};
		5EE23D1A19DB5D7B00BFCA5B /* TableViewSampleTests */ = {
			isa = PBXGroup;
			children = (
				5EE23D1D19DB5D7B00BFCA5B /* TableViewSampleTests.swift */,
				5EE23D1B19DB5D7B00BFCA5B /* Supporting Files */,
			);
			path = TableViewSampleTests;
			sourceTree = "<group>";
		};
		5EE23D1B19DB5D7B00BFCA5B /* Supporting Files */ = {
			isa = PBXGroup;
			children = (
				5EE23D1C19DB5D7B00BFCA5B /* Info.plist */,
			);
			name = "Supporting Files";
			sourceTree = "<group>";
		};
/* End PBXGroup section */

/* Begin PBXNativeTarget section */
		5EE23D0119DB5D7B00BFCA5B /* TableViewSample */ = {
			isa = PBXNativeTarget;
			buildConfigurationList = 5EE23D2119DB5D7B00BFCA5B /* Build configuration list for PBXNativeTarget "TableViewSample" */;
			buildPhases = (
				5EE23CFE19DB5D7B00BFCA5B /* Sources */,
				5EE23CFF19DB5D7B00BFCA5B /* Frameworks */,
				5EE23D0019DB5D7B00BFCA5B /* Resources */,
			);
			buildRules = (
			);
			dependencies = (
			);
			name = TableViewSample;
			productName = TableViewSample;
			productReference = 5EE23D0219DB5D7B00BFCA5B /* TableViewSample.app */;
			productType = "com.apple.product-type.application";
		};
		5EE23D1619DB5D7B00BFCA5B /* TableViewSampleTests */ = {
			isa = PBXNativeTarget;
			buildConfigurationList = 5EE23D2419DB5D7B00BFCA5B /* Build configuration list for PBXNativeTarget "TableViewSampleTests" */;
			buildPhases = (
				5EE23D1319DB5D7B00BFCA5B /* Sources */,
				5EE23D1419DB5D7B00BFCA5B /* Frameworks */,
				5EE23D1519DB5D7B00BFCA5B /* Resources */,
			);
			buildRules = (
			);
			dependencies = (
				5EE23D1919DB5D7B00BFCA5B /* PBXTargetDependency */,
			);
			name = TableViewSampleTests;
			productName = TableViewSampleTests;
			productReference = 5EE23D1719DB5D7B00BFCA5B /* TableViewSampleTests.xctest */;
			productType = "com.apple.product-type.bundle.unit-test";
		};
/* End PBXNativeTarget section */

/* Begin PBXProject section */
		5EE23CFA19DB5D7B00BFCA5B /* Project object */ = {
			isa = PBXProject;
			attributes = {
				LastUpgradeCheck = 0600;
				ORGANIZATIONNAME = "Purdue iOS Dev Club";
				TargetAttributes = {
					5EE23D0119DB5D7B00BFCA5B = {
						CreatedOnToolsVersion = 6.0;
					};
					5EE23D1619DB5D7B00BFCA5B = {
						CreatedOnToolsVersion = 6.0;
						TestTargetID = 5EE23D0119DB5D7B00BFCA5B;
					};
				};
			};
			buildConfigurationList = 5EE23CFD19DB5D7B00BFCA5B /* Build configuration list for PBXProject "TableViewSample" */;
			compatibilityVersion = "Xcode 3.2";
			developmentRegion = English;
			hasScannedForEncodings = 0;
			knownRegions = (
				en,
				Base,
			);
			mainGroup = 5EE23CF919DB5D7B00BFCA5B;
			productRefGroup = 5EE23D0319DB5D7B00BFCA5B /* Products */;
			projectDirPath = "";
			projectRoot = "";
			targets = (
				5EE23D0119DB5D7B00BFCA5B /* TableViewSample */,
				5EE23D1619DB5D7B00BFCA5B /* TableViewSampleTests */,
			);
		};
/* End PBXProject section */

/* Begin PBXResourcesBuildPhase section */
		5EE23D0019DB5D7B00BFCA5B /* Resources */ = {
			isa = PBXResourcesBuildPhase;
			buildActionMask = 2147483647;
			files = (
				5EE23D0D19DB5D7B00BFCA5B /* Main.storyboard in Resources */,
				5EE23D1219DB5D7B00BFCA5B /* LaunchScreen.xib in Resources */,
				5EE23D0F19DB5D7B00BFCA5B /* Images.xcassets in Resources */,
			);
			runOnlyForDeploymentPostprocessing = 0;
		};
		5EE23D1519DB5D7B00BFCA5B /* Resources */ = {
			isa = PBXResourcesBuildPhase;
			buildActionMask = 2147483647;
			files = (
			);
			runOnlyForDeploymentPostprocessing = 0;
		};
/* End PBXResourcesBuildPhase section */

/* Begin PBXSourcesBuildPhase section */
		5EE23CFE19DB5D7B00BFCA5B /* Sources */ = {
			isa = PBXSourcesBuildPhase;
			buildActionMask = 2147483647;
			files = (
				5EE23D2819DB5E1B00BFCA5B /* DemoViewController.swift in Sources */,
				5EE23D0A19DB5D7B00BFCA5B /* ViewController.swift in Sources */,
				5EE23D0819DB5D7B00BFCA5B /* AppDelegate.swift in Sources */,
			);
			runOnlyForDeploymentPostprocessing = 0;
		};
		5EE23D1319DB5D7B00BFCA5B /* Sources */ = {
			isa = PBXSourcesBuildPhase;
			buildActionMask = 2147483647;
			files = (
				5EE23D1E19DB5D7B00BFCA5B /* TableViewSampleTests.swift in Sources */,
			);
			runOnlyForDeploymentPostprocessing = 0;
		};
/* End PBXSourcesBuildPhase section */

/* Begin PBXTargetDependency section */
		5EE23D1919DB5D7B00BFCA5B /* PBXTargetDependency */ = {
			isa = PBXTargetDependency;
			target = 5EE23D0119DB5D7B00BFCA5B /* TableViewSample */;
			targetProxy = 5EE23D1819DB5D7B00BFCA5B /* PBXContainerItemProxy */;
		};
/* End PBXTargetDependency section */

/* Begin PBXVariantGroup section */
		5EE23D0B19DB5D7B00BFCA5B /* Main.storyboard */ = {
			isa = PBXVariantGroup;
			children = (
				5EE23D0C19DB5D7B00BFCA5B /* Base */,
			);
			name = Main.storyboard;
			sourceTree = "<group>";
		};
		5EE23D1019DB5D7B00BFCA5B /* LaunchScreen.xib */ = {
			isa = PBXVariantGroup;
			children = (
				5EE23D1119DB5D7B00BFCA5B /* Base */,
			);
			name = LaunchScreen.xib;
			sourceTree = "<group>";
		};
/* End PBXVariantGroup section */

/* Begin XCBuildConfiguration section */
		5EE23D1F19DB5D7B00BFCA5B /* Debug */ = {
			isa = XCBuildConfiguration;
			buildSettings = {
				ALWAYS_SEARCH_USER_PATHS = NO;
				CLANG_CXX_LANGUAGE_STANDARD = "gnu++0x";
				CLANG_CXX_LIBRARY = "libc++";
				CLANG_ENABLE_MODULES = YES;
				CLANG_ENABLE_OBJC_ARC = YES;
				CLANG_WARN_BOOL_CONVERSION = YES;
				CLANG_WARN_CONSTANT_CONVERSION = YES;
				CLANG_WARN_DIRECT_OBJC_ISA_USAGE = YES_ERROR;
				CLANG_WARN_EMPTY_BODY = YES;
				CLANG_WARN_ENUM_CONVERSION = YES;
				CLANG_WARN_INT_CONVERSION = YES;
				CLANG_WARN_OBJC_ROOT_CLASS = YES_ERROR;
				CLANG_WARN_UNREACHABLE_CODE = YES;
				CLANG_WARN__DUPLICATE_METHOD_MATCH = YES;
				"CODE_SIGN_IDENTITY[sdk=iphoneos*]" = "iPhone Developer";
				COPY_PHASE_STRIP = NO;
				ENABLE_STRICT_OBJC_MSGSEND = YES;
				GCC_C_LANGUAGE_STANDARD = gnu99;
				GCC_DYNAMIC_NO_PIC = NO;
				GCC_OPTIMIZATION_LEVEL = 0;
				GCC_PREPROCESSOR_DEFINITIONS = (
					"DEBUG=1",
					"$(inherited)",
				);
				GCC_SYMBOLS_PRIVATE_EXTERN = NO;
				GCC_WARN_64_TO_32_BIT_CONVERSION = YES;
				GCC_WARN_ABOUT_RETURN_TYPE = YES_ERROR;
				GCC_WARN_UNDECLARED_SELECTOR = YES;
				GCC_WARN_UNINITIALIZED_AUTOS = YES_AGGRESSIVE;
				GCC_WARN_UNUSED_FUNCTION = YES;
				GCC_WARN_UNUSED_VARIABLE = YES;
				IPHONEOS_DEPLOYMENT_TARGET = 8.0;
				MTL_ENABLE_DEBUG_INFO = YES;
				ONLY_ACTIVE_ARCH = YES;
				SDKROOT = iphoneos;
				SWIFT_OPTIMIZATION_LEVEL = "-Onone";
			};
			name = Debug;
		};
		5EE23D2019DB5D7B00BFCA5B /* Release */ = {
			isa = XCBuildConfiguration;
			buildSettings = {
				ALWAYS_SEARCH_USER_PATHS = NO;
				CLANG_CXX_LANGUAGE_STANDARD = "gnu++0x";
				CLANG_CXX_LIBRARY = "libc++";
				CLANG_ENABLE_MODULES = YES;
				CLANG_ENABLE_OBJC_ARC = YES;
				CLANG_WARN_BOOL_CONVERSION = YES;
				CLANG_WARN_CONSTANT_CONVERSION = YES;
				CLANG_WARN_DIRECT_OBJC_ISA_USAGE = YES_ERROR;
				CLANG_WARN_EMPTY_BODY = YES;
				CLANG_WARN_ENUM_CONVERSION = YES;
				CLANG_WARN_INT_CONVERSION = YES;
				CLANG_WARN_OBJC_ROOT_CLASS = YES_ERROR;
				CLANG_WARN_UNREACHABLE_CODE = YES;
				CLANG_WARN__DUPLICATE_METHOD_MATCH = YES;
				"CODE_SIGN_IDENTITY[sdk=iphoneos*]" = "iPhone Developer";
				COPY_PHASE_STRIP = YES;
				ENABLE_NS_ASSERTIONS = NO;
				ENABLE_STRICT_OBJC_MSGSEND = YES;
				GCC_C_LANGUAGE_STANDARD = gnu99;
				GCC_WARN_64_TO_32_BIT_CONVERSION = YES;
				GCC_WARN_ABOUT_RETURN_TYPE = YES_ERROR;
				GCC_WARN_UNDECLARED_SELECTOR = YES;
				GCC_WARN_UNINITIALIZED_AUTOS = YES_AGGRESSIVE;
				GCC_WARN_UNUSED_FUNCTION = YES;
				GCC_WARN_UNUSED_VARIABLE = YES;
				IPHONEOS_DEPLOYMENT_TARGET = 8.0;
				MTL_ENABLE_DEBUG_INFO = NO;
				SDKROOT = iphoneos;
				VALIDATE_PRODUCT = YES;
			};
			name = Release;
		};
		5EE23D2219DB5D7B00BFCA5B /* Debug */ = {
			isa = XCBuildConfiguration;
			buildSettings = {
				ASSETCATALOG_COMPILER_APPICON_NAME = AppIcon;
				INFOPLIST_FILE = TableViewSample/Info.plist;
				LD_RUNPATH_SEARCH_PATHS = "$(inherited) @executable_path/Frameworks";
				PRODUCT_NAME = "$(TARGET_NAME)";
			};
			name = Debug;
		};
		5EE23D2319DB5D7B00BFCA5B /* Release */ = {
			isa = XCBuildConfiguration;
			buildSettings = {
				ASSETCATALOG_COMPILER_APPICON_NAME = AppIcon;
				INFOPLIST_FILE = TableViewSample/Info.plist;
				LD_RUNPATH_SEARCH_PATHS = "$(inherited) @executable_path/Frameworks";
				PRODUCT_NAME = "$(TARGET_NAME)";
			};
			name = Release;
		};
		5EE23D2519DB5D7B00BFCA5B /* Debug */ = {
			isa = XCBuildConfiguration;
			buildSettings = {
				BUNDLE_LOADER = "$(TEST_HOST)";
				FRAMEWORK_SEARCH_PATHS = (
					"$(SDKROOT)/Developer/Library/Frameworks",
					"$(inherited)",
				);
				GCC_PREPROCESSOR_DEFINITIONS = (
					"DEBUG=1",
					"$(inherited)",
				);
				INFOPLIST_FILE = TableViewSampleTests/Info.plist;
				LD_RUNPATH_SEARCH_PATHS = "$(inherited) @executable_path/Frameworks @loader_path/Frameworks";
				PRODUCT_NAME = "$(TARGET_NAME)";
				TEST_HOST = "$(BUILT_PRODUCTS_DIR)/TableViewSample.app/TableViewSample";
			};
			name = Debug;
		};
		5EE23D2619DB5D7B00BFCA5B /* Release */ = {
			isa = XCBuildConfiguration;
			buildSettings = {
				BUNDLE_LOADER = "$(TEST_HOST)";
				FRAMEWORK_SEARCH_PATHS = (
					"$(SDKROOT)/Developer/Library/Frameworks",
					"$(inherited)",
				);
				INFOPLIST_FILE = TableViewSampleTests/Info.plist;
				LD_RUNPATH_SEARCH_PATHS = "$(inherited) @executable_path/Frameworks @loader_path/Frameworks";
				PRODUCT_NAME = "$(TARGET_NAME)";
				TEST_HOST = "$(BUILT_PRODUCTS_DIR)/TableViewSample.app/TableViewSample";
			};
			name = Release;
		};
/* End XCBuildConfiguration section */

/* Begin XCConfigurationList section */
		5EE23CFD19DB5D7B00BFCA5B /* Build configuration list for PBXProject "TableViewSample" */ = {
			isa = XCConfigurationList;
			buildConfigurations = (
				5EE23D1F19DB5D7B00BFCA5B /* Debug */,
				5EE23D2019DB5D7B00BFCA5B /* Release */,
			);
			defaultConfigurationIsVisible = 0;
			defaultConfigurationName = Release;
		};
		5EE23D2119DB5D7B00BFCA5B /* Build configuration list for PBXNativeTarget "TableViewSample" */ = {
			isa = XCConfigurationList;
			buildConfigurations = (
				5EE23D2219DB5D7B00BFCA5B /* Debug */,
				5EE23D2319DB5D7B00BFCA5B /* Release */,
			);
			defaultConfigurationIsVisible = 0;
		};
		5EE23D2419DB5D7B00BFCA5B /* Build configuration list for PBXNativeTarget "TableViewSampleTests" */ = {
			isa = XCConfigurationList;
			buildConfigurations = (
				5EE23D2519DB5D7B00BFCA5B /* Debug */,
				5EE23D2619DB5D7B00BFCA5B /* Release */,
			);
			defaultConfigurationIsVisible = 0;
		};
/* End XCConfigurationList section */
	};
	rootObject = 5EE23CFA19DB5D7B00BFCA5B /* Project object */;
}
