// !$*UTF8*$!
{
	archiveVersion = 1;
	classes = {
	};
	objectVersion = 46;
	objects = {

/* Begin PBXBuildFile section */
		5EEBB05C1A0993A50082076E /* AppDelegate.swift in Sources */ = {isa = PBXBuildFile; fileRef = 5EEBB05B1A0993A50082076E /* AppDelegate.swift */; };
		5EEBB05E1A0993A50082076E /* ViewController.swift in Sources */ = {isa = PBXBuildFile; fileRef = 5EEBB05D1A0993A50082076E /* ViewController.swift */; };
		5EEBB0611A0993A50082076E /* Main.storyboard in Resources */ = {isa = PBXBuildFile; fileRef = 5EEBB05F1A0993A50082076E /* Main.storyboard */; };
		5EEBB0631A0993A50082076E /* Images.xcassets in Resources */ = {isa = PBXBuildFile; fileRef = 5EEBB0621A0993A50082076E /* Images.xcassets */; };
		5EEBB0661A0993A50082076E /* LaunchScreen.xib in Resources */ = {isa = PBXBuildFile; fileRef = 5EEBB0641A0993A50082076E /* LaunchScreen.xib */; };
		5EEBB0721A0993A50082076E /* SystemServicesTests.swift in Sources */ = {isa = PBXBuildFile; fileRef = 5EEBB0711A0993A50082076E /* SystemServicesTests.swift */; };
/* End PBXBuildFile section */

/* Begin PBXContainerItemProxy section */
		5EEBB06C1A0993A50082076E /* PBXContainerItemProxy */ = {
			isa = PBXContainerItemProxy;
			containerPortal = 5EEBB04E1A0993A50082076E /* Project object */;
			proxyType = 1;
			remoteGlobalIDString = 5EEBB0551A0993A50082076E;
			remoteInfo = SystemServices;
		};
/* End PBXContainerItemProxy section */

/* Begin PBXFileReference section */
		5EEBB0561A0993A50082076E /* SystemServices.app */ = {isa = PBXFileReference; explicitFileType = wrapper.application; includeInIndex = 0; path = SystemServices.app; sourceTree = BUILT_PRODUCTS_DIR; };
		5EEBB05A1A0993A50082076E /* Info.plist */ = {isa = PBXFileReference; lastKnownFileType = text.plist.xml; path = Info.plist; sourceTree = "<group>"; };
		5EEBB05B1A0993A50082076E /* AppDelegate.swift */ = {isa = PBXFileReference; lastKnownFileType = sourcecode.swift; path = AppDelegate.swift; sourceTree = "<group>"; };
		5EEBB05D1A0993A50082076E /* ViewController.swift */ = {isa = PBXFileReference; lastKnownFileType = sourcecode.swift; path = ViewController.swift; sourceTree = "<group>"; };
		5EEBB0601A0993A50082076E /* Base */ = {isa = PBXFileReference; lastKnownFileType = file.storyboard; name = Base; path = Base.lproj/Main.storyboard; sourceTree = "<group>"; };
		5EEBB0621A0993A50082076E /* Images.xcassets */ = {isa = PBXFileReference; lastKnownFileType = folder.assetcatalog; path = Images.xcassets; sourceTree = "<group>"; };
		5EEBB0651A0993A50082076E /* Base */ = {isa = PBXFileReference; lastKnownFileType = file.xib; name = Base; path = Base.lproj/LaunchScreen.xib; sourceTree = "<group>"; };
		5EEBB06B1A0993A50082076E /* SystemServicesTests.xctest */ = {isa = PBXFileReference; explicitFileType = wrapper.cfbundle; includeInIndex = 0; path = SystemServicesTests.xctest; sourceTree = BUILT_PRODUCTS_DIR; };
		5EEBB0701A0993A50082076E /* Info.plist */ = {isa = PBXFileReference; lastKnownFileType = text.plist.xml; path = Info.plist; sourceTree = "<group>"; };
		5EEBB0711A0993A50082076E /* SystemServicesTests.swift */ = {isa = PBXFileReference; lastKnownFileType = sourcecode.swift; path = SystemServicesTests.swift; sourceTree = "<group>"; };
/* End PBXFileReference section */

/* Begin PBXFrameworksBuildPhase section */
		5EEBB0531A0993A50082076E /* Frameworks */ = {
			isa = PBXFrameworksBuildPhase;
			buildActionMask = 2147483647;
			files = (
			);
			runOnlyForDeploymentPostprocessing = 0;
		};
		5EEBB0681A0993A50082076E /* Frameworks */ = {
			isa = PBXFrameworksBuildPhase;
			buildActionMask = 2147483647;
			files = (
			);
			runOnlyForDeploymentPostprocessing = 0;
		};
/* End PBXFrameworksBuildPhase section */

/* Begin PBXGroup section */
		5EEBB04D1A0993A50082076E = {
			isa = PBXGroup;
			children = (
				5EEBB0581A0993A50082076E /* SystemServices */,
				5EEBB06E1A0993A50082076E /* SystemServicesTests */,
				5EEBB0571A0993A50082076E /* Products */,
			);
			sourceTree = "<group>";
		};
		5EEBB0571A0993A50082076E /* Products */ = {
			isa = PBXGroup;
			children = (
				5EEBB0561A0993A50082076E /* SystemServices.app */,
				5EEBB06B1A0993A50082076E /* SystemServicesTests.xctest */,
			);
			name = Products;
			sourceTree = "<group>";
		};
		5EEBB0581A0993A50082076E /* SystemServices */ = {
			isa = PBXGroup;
			children = (
				5EEBB05B1A0993A50082076E /* AppDelegate.swift */,
				5EEBB05D1A0993A50082076E /* ViewController.swift */,
				5EEBB05F1A0993A50082076E /* Main.storyboard */,
				5EEBB0621A0993A50082076E /* Images.xcassets */,
				5EEBB0641A0993A50082076E /* LaunchScreen.xib */,
				5EEBB0591A0993A50082076E /* Supporting Files */,
			);
			path = SystemServices;
			sourceTree = "<group>";
		};
		5EEBB0591A0993A50082076E /* Supporting Files */ = {
			isa = PBXGroup;
			children = (
				5EEBB05A1A0993A50082076E /* Info.plist */,
			);
			name = "Supporting Files";
			sourceTree = "<group>";
		};
		5EEBB06E1A0993A50082076E /* SystemServicesTests */ = {
			isa = PBXGroup;
			children = (
				5EEBB0711A0993A50082076E /* SystemServicesTests.swift */,
				5EEBB06F1A0993A50082076E /* Supporting Files */,
			);
			path = SystemServicesTests;
			sourceTree = "<group>";
		};
		5EEBB06F1A0993A50082076E /* Supporting Files */ = {
			isa = PBXGroup;
			children = (
				5EEBB0701A0993A50082076E /* Info.plist */,
			);
			name = "Supporting Files";
			sourceTree = "<group>";
		};
/* End PBXGroup section */

/* Begin PBXNativeTarget section */
		5EEBB0551A0993A50082076E /* SystemServices */ = {
			isa = PBXNativeTarget;
			buildConfigurationList = 5EEBB0751A0993A50082076E /* Build configuration list for PBXNativeTarget "SystemServices" */;
			buildPhases = (
				5EEBB0521A0993A50082076E /* Sources */,
				5EEBB0531A0993A50082076E /* Frameworks */,
				5EEBB0541A0993A50082076E /* Resources */,
			);
			buildRules = (
			);
			dependencies = (
			);
			name = SystemServices;
			productName = SystemServices;
			productReference = 5EEBB0561A0993A50082076E /* SystemServices.app */;
			productType = "com.apple.product-type.application";
		};
		5EEBB06A1A0993A50082076E /* SystemServicesTests */ = {
			isa = PBXNativeTarget;
			buildConfigurationList = 5EEBB0781A0993A50082076E /* Build configuration list for PBXNativeTarget "SystemServicesTests" */;
			buildPhases = (
				5EEBB0671A0993A50082076E /* Sources */,
				5EEBB0681A0993A50082076E /* Frameworks */,
				5EEBB0691A0993A50082076E /* Resources */,
			);
			buildRules = (
			);
			dependencies = (
				5EEBB06D1A0993A50082076E /* PBXTargetDependency */,
			);
			name = SystemServicesTests;
			productName = SystemServicesTests;
			productReference = 5EEBB06B1A0993A50082076E /* SystemServicesTests.xctest */;
			productType = "com.apple.product-type.bundle.unit-test";
		};
/* End PBXNativeTarget section */

/* Begin PBXProject section */
		5EEBB04E1A0993A50082076E /* Project object */ = {
			isa = PBXProject;
			attributes = {
				LastUpgradeCheck = 0610;
				ORGANIZATIONNAME = "Purdue iOS Club";
				TargetAttributes = {
					5EEBB0551A0993A50082076E = {
						CreatedOnToolsVersion = 6.1;
					};
					5EEBB06A1A0993A50082076E = {
						CreatedOnToolsVersion = 6.1;
						TestTargetID = 5EEBB0551A0993A50082076E;
					};
				};
			};
			buildConfigurationList = 5EEBB0511A0993A50082076E /* Build configuration list for PBXProject "SystemServices" */;
			compatibilityVersion = "Xcode 3.2";
			developmentRegion = English;
			hasScannedForEncodings = 0;
			knownRegions = (
				en,
				Base,
			);
			mainGroup = 5EEBB04D1A0993A50082076E;
			productRefGroup = 5EEBB0571A0993A50082076E /* Products */;
			projectDirPath = "";
			projectRoot = "";
			targets = (
				5EEBB0551A0993A50082076E /* SystemServices */,
				5EEBB06A1A0993A50082076E /* SystemServicesTests */,
			);
		};
/* End PBXProject section */

/* Begin PBXResourcesBuildPhase section */
		5EEBB0541A0993A50082076E /* Resources */ = {
			isa = PBXResourcesBuildPhase;
			buildActionMask = 2147483647;
			files = (
				5EEBB0611A0993A50082076E /* Main.storyboard in Resources */,
				5EEBB0661A0993A50082076E /* LaunchScreen.xib in Resources */,
				5EEBB0631A0993A50082076E /* Images.xcassets in Resources */,
			);
			runOnlyForDeploymentPostprocessing = 0;
		};
		5EEBB0691A0993A50082076E /* Resources */ = {
			isa = PBXResourcesBuildPhase;
			buildActionMask = 2147483647;
			files = (
			);
			runOnlyForDeploymentPostprocessing = 0;
		};
/* End PBXResourcesBuildPhase section */

/* Begin PBXSourcesBuildPhase section */
		5EEBB0521A0993A50082076E /* Sources */ = {
			isa = PBXSourcesBuildPhase;
			buildActionMask = 2147483647;
			files = (
				5EEBB05E1A0993A50082076E /* ViewController.swift in Sources */,
				5EEBB05C1A0993A50082076E /* AppDelegate.swift in Sources */,
			);
			runOnlyForDeploymentPostprocessing = 0;
		};
		5EEBB0671A0993A50082076E /* Sources */ = {
			isa = PBXSourcesBuildPhase;
			buildActionMask = 2147483647;
			files = (
				5EEBB0721A0993A50082076E /* SystemServicesTests.swift in Sources */,
			);
			runOnlyForDeploymentPostprocessing = 0;
		};
/* End PBXSourcesBuildPhase section */

/* Begin PBXTargetDependency section */
		5EEBB06D1A0993A50082076E /* PBXTargetDependency */ = {
			isa = PBXTargetDependency;
			target = 5EEBB0551A0993A50082076E /* SystemServices */;
			targetProxy = 5EEBB06C1A0993A50082076E /* PBXContainerItemProxy */;
		};
/* End PBXTargetDependency section */

/* Begin PBXVariantGroup section */
		5EEBB05F1A0993A50082076E /* Main.storyboard */ = {
			isa = PBXVariantGroup;
			children = (
				5EEBB0601A0993A50082076E /* Base */,
			);
			name = Main.storyboard;
			sourceTree = "<group>";
		};
		5EEBB0641A0993A50082076E /* LaunchScreen.xib */ = {
			isa = PBXVariantGroup;
			children = (
				5EEBB0651A0993A50082076E /* Base */,
			);
			name = LaunchScreen.xib;
			sourceTree = "<group>";
		};
/* End PBXVariantGroup section */

/* Begin XCBuildConfiguration section */
		5EEBB0731A0993A50082076E /* Debug */ = {
			isa = XCBuildConfiguration;
			buildSettings = {
				ALWAYS_SEARCH_USER_PATHS = NO;
				CLANG_CXX_LANGUAGE_STANDARD = "gnu++0x";
				CLANG_CXX_LIBRARY = "libc++";
				CLANG_ENABLE_MODULES = YES;
				CLANG_ENABLE_OBJC_ARC = YES;
				CLANG_WARN_BOOL_CONVERSION = YES;
				CLANG_WARN_CONSTANT_CONVERSION = YES;
				CLANG_WARN_DIRECT_OBJC_ISA_USAGE = YES_ERROR;
				CLANG_WARN_EMPTY_BODY = YES;
				CLANG_WARN_ENUM_CONVERSION = YES;
				CLANG_WARN_INT_CONVERSION = YES;
				CLANG_WARN_OBJC_ROOT_CLASS = YES_ERROR;
				CLANG_WARN_UNREACHABLE_CODE = YES;
				CLANG_WARN__DUPLICATE_METHOD_MATCH = YES;
				"CODE_SIGN_IDENTITY[sdk=iphoneos*]" = "iPhone Developer";
				COPY_PHASE_STRIP = NO;
				ENABLE_STRICT_OBJC_MSGSEND = YES;
				GCC_C_LANGUAGE_STANDARD = gnu99;
				GCC_DYNAMIC_NO_PIC = NO;
				GCC_OPTIMIZATION_LEVEL = 0;
				GCC_PREPROCESSOR_DEFINITIONS = (
					"DEBUG=1",
					"$(inherited)",
				);
				GCC_SYMBOLS_PRIVATE_EXTERN = NO;
				GCC_WARN_64_TO_32_BIT_CONVERSION = YES;
				GCC_WARN_ABOUT_RETURN_TYPE = YES_ERROR;
				GCC_WARN_UNDECLARED_SELECTOR = YES;
				GCC_WARN_UNINITIALIZED_AUTOS = YES_AGGRESSIVE;
				GCC_WARN_UNUSED_FUNCTION = YES;
				GCC_WARN_UNUSED_VARIABLE = YES;
				IPHONEOS_DEPLOYMENT_TARGET = 8.1;
				MTL_ENABLE_DEBUG_INFO = YES;
				ONLY_ACTIVE_ARCH = YES;
				SDKROOT = iphoneos;
				SWIFT_OPTIMIZATION_LEVEL = "-Onone";
			};
			name = Debug;
		};
		5EEBB0741A0993A50082076E /* Release */ = {
			isa = XCBuildConfiguration;
			buildSettings = {
				ALWAYS_SEARCH_USER_PATHS = NO;
				CLANG_CXX_LANGUAGE_STANDARD = "gnu++0x";
				CLANG_CXX_LIBRARY = "libc++";
				CLANG_ENABLE_MODULES = YES;
				CLANG_ENABLE_OBJC_ARC = YES;
				CLANG_WARN_BOOL_CONVERSION = YES;
				CLANG_WARN_CONSTANT_CONVERSION = YES;
				CLANG_WARN_DIRECT_OBJC_ISA_USAGE = YES_ERROR;
				CLANG_WARN_EMPTY_BODY = YES;
				CLANG_WARN_ENUM_CONVERSION = YES;
				CLANG_WARN_INT_CONVERSION = YES;
				CLANG_WARN_OBJC_ROOT_CLASS = YES_ERROR;
				CLANG_WARN_UNREACHABLE_CODE = YES;
				CLANG_WARN__DUPLICATE_METHOD_MATCH = YES;
				"CODE_SIGN_IDENTITY[sdk=iphoneos*]" = "iPhone Developer";
				COPY_PHASE_STRIP = YES;
				ENABLE_NS_ASSERTIONS = NO;
				ENABLE_STRICT_OBJC_MSGSEND = YES;
				GCC_C_LANGUAGE_STANDARD = gnu99;
				GCC_WARN_64_TO_32_BIT_CONVERSION = YES;
				GCC_WARN_ABOUT_RETURN_TYPE = YES_ERROR;
				GCC_WARN_UNDECLARED_SELECTOR = YES;
				GCC_WARN_UNINITIALIZED_AUTOS = YES_AGGRESSIVE;
				GCC_WARN_UNUSED_FUNCTION = YES;
				GCC_WARN_UNUSED_VARIABLE = YES;
				IPHONEOS_DEPLOYMENT_TARGET = 8.1;
				MTL_ENABLE_DEBUG_INFO = NO;
				SDKROOT = iphoneos;
				VALIDATE_PRODUCT = YES;
			};
			name = Release;
		};
		5EEBB0761A0993A50082076E /* Debug */ = {
			isa = XCBuildConfiguration;
			buildSettings = {
				ASSETCATALOG_COMPILER_APPICON_NAME = AppIcon;
				INFOPLIST_FILE = SystemServices/Info.plist;
				LD_RUNPATH_SEARCH_PATHS = "$(inherited) @executable_path/Frameworks";
				PRODUCT_NAME = "$(TARGET_NAME)";
			};
			name = Debug;
		};
		5EEBB0771A0993A50082076E /* Release */ = {
			isa = XCBuildConfiguration;
			buildSettings = {
				ASSETCATALOG_COMPILER_APPICON_NAME = AppIcon;
				INFOPLIST_FILE = SystemServices/Info.plist;
				LD_RUNPATH_SEARCH_PATHS = "$(inherited) @executable_path/Frameworks";
				PRODUCT_NAME = "$(TARGET_NAME)";
			};
			name = Release;
		};
		5EEBB0791A0993A50082076E /* Debug */ = {
			isa = XCBuildConfiguration;
			buildSettings = {
				BUNDLE_LOADER = "$(TEST_HOST)";
				FRAMEWORK_SEARCH_PATHS = (
					"$(SDKROOT)/Developer/Library/Frameworks",
					"$(inherited)",
				);
				GCC_PREPROCESSOR_DEFINITIONS = (
					"DEBUG=1",
					"$(inherited)",
				);
				INFOPLIST_FILE = SystemServicesTests/Info.plist;
				LD_RUNPATH_SEARCH_PATHS = "$(inherited) @executable_path/Frameworks @loader_path/Frameworks";
				PRODUCT_NAME = "$(TARGET_NAME)";
				TEST_HOST = "$(BUILT_PRODUCTS_DIR)/SystemServices.app/SystemServices";
			};
			name = Debug;
		};
		5EEBB07A1A0993A50082076E /* Release */ = {
			isa = XCBuildConfiguration;
			buildSettings = {
				BUNDLE_LOADER = "$(TEST_HOST)";
				FRAMEWORK_SEARCH_PATHS = (
					"$(SDKROOT)/Developer/Library/Frameworks",
					"$(inherited)",
				);
				INFOPLIST_FILE = SystemServicesTests/Info.plist;
				LD_RUNPATH_SEARCH_PATHS = "$(inherited) @executable_path/Frameworks @loader_path/Frameworks";
				PRODUCT_NAME = "$(TARGET_NAME)";
				TEST_HOST = "$(BUILT_PRODUCTS_DIR)/SystemServices.app/SystemServices";
			};
			name = Release;
		};
/* End XCBuildConfiguration section */

/* Begin XCConfigurationList section */
		5EEBB0511A0993A50082076E /* Build configuration list for PBXProject "SystemServices" */ = {
			isa = XCConfigurationList;
			buildConfigurations = (
				5EEBB0731A0993A50082076E /* Debug */,
				5EEBB0741A0993A50082076E /* Release */,
			);
			defaultConfigurationIsVisible = 0;
			defaultConfigurationName = Release;
		};
		5EEBB0751A0993A50082076E /* Build configuration list for PBXNativeTarget "SystemServices" */ = {
			isa = XCConfigurationList;
			buildConfigurations = (
				5EEBB0761A0993A50082076E /* Debug */,
				5EEBB0771A0993A50082076E /* Release */,
			);
			defaultConfigurationIsVisible = 0;
		};
		5EEBB0781A0993A50082076E /* Build configuration list for PBXNativeTarget "SystemServicesTests" */ = {
			isa = XCConfigurationList;
			buildConfigurations = (
				5EEBB0791A0993A50082076E /* Debug */,
				5EEBB07A1A0993A50082076E /* Release */,
			);
			defaultConfigurationIsVisible = 0;
		};
/* End XCConfigurationList section */
	};
	rootObject = 5EEBB04E1A0993A50082076E /* Project object */;
}
